// !$*UTF8*$!
{
	archiveVersion = 1;
	classes = {
	};
	objectVersion = 50;
	objects = {

/* Begin PBXBuildFile section */
		7A02DEC82182EE5D00B41DB6 /* AppDelegate.swift in Sources */ = {isa = PBXBuildFile; fileRef = 7A02DEC72182EE5D00B41DB6 /* AppDelegate.swift */; };
		7A02DECA2182EE5D00B41DB6 /* ViewController.swift in Sources */ = {isa = PBXBuildFile; fileRef = 7A02DEC92182EE5D00B41DB6 /* ViewController.swift */; };
		7A02DECD2182EE5D00B41DB6 /* Main.storyboard in Resources */ = {isa = PBXBuildFile; fileRef = 7A02DECB2182EE5D00B41DB6 /* Main.storyboard */; };
		7A02DECF2182EE5D00B41DB6 /* Assets.xcassets in Resources */ = {isa = PBXBuildFile; fileRef = 7A02DECE2182EE5D00B41DB6 /* Assets.xcassets */; };
		7A02DED22182EE5D00B41DB6 /* LaunchScreen.storyboard in Resources */ = {isa = PBXBuildFile; fileRef = 7A02DED02182EE5D00B41DB6 /* LaunchScreen.storyboard */; };
		7A02DEDD2182EE5D00B41DB6 /* ApplepieDemoTests.swift in Sources */ = {isa = PBXBuildFile; fileRef = 7A02DEDC2182EE5D00B41DB6 /* ApplepieDemoTests.swift */; };
		7A048CBF223F7CEC00BF1DA5 /* DetectFromImageViewController.swift in Sources */ = {isa = PBXBuildFile; fileRef = 7A048CBD223F7CEC00BF1DA5 /* DetectFromImageViewController.swift */; };
		7A048CC0223F7CEC00BF1DA5 /* DetectFromImageViewController.xib in Resources */ = {isa = PBXBuildFile; fileRef = 7A048CBE223F7CEC00BF1DA5 /* DetectFromImageViewController.xib */; };
		7A048CC2223F8D3600BF1DA5 /* ObjectDetector.mlmodel in Sources */ = {isa = PBXBuildFile; fileRef = 7A048CC1223F8D3500BF1DA5 /* ObjectDetector.mlmodel */; };
		7A048CC5223F8DB100BF1DA5 /* RecognizFromCameraViewController.swift in Sources */ = {isa = PBXBuildFile; fileRef = 7A048CC3223F8DB100BF1DA5 /* RecognizFromCameraViewController.swift */; };
		7A048CC6223F8DB100BF1DA5 /* RecognizFromCameraViewController.xib in Resources */ = {isa = PBXBuildFile; fileRef = 7A048CC4223F8DB100BF1DA5 /* RecognizFromCameraViewController.xib */; };
		7A0BE4FC21C24558000748D5 /* UIViewControllerExTests.swift in Sources */ = {isa = PBXBuildFile; fileRef = 7A0BE4FB21C24558000748D5 /* UIViewControllerExTests.swift */; };
		7A0BE4FE21C2456C000748D5 /* NSObjectExTests.swift in Sources */ = {isa = PBXBuildFile; fileRef = 7A0BE4FD21C2456C000748D5 /* NSObjectExTests.swift */; };
		7A0BE50021C254C2000748D5 /* ViewControllerNib.xib in Resources */ = {isa = PBXBuildFile; fileRef = 7A0BE4FF21C254C2000748D5 /* ViewControllerNib.xib */; };
		7A0BE50221C2598D000748D5 /* ViewControllerNib.swift in Sources */ = {isa = PBXBuildFile; fileRef = 7A0BE50121C2598D000748D5 /* ViewControllerNib.swift */; };
		7A0BE50521C25EE8000748D5 /* APRouterTests.swift in Sources */ = {isa = PBXBuildFile; fileRef = 7A0BE50421C25EE8000748D5 /* APRouterTests.swift */; };
		7A0E271321953316001FE212 /* APNetApiToModelTests.swift in Sources */ = {isa = PBXBuildFile; fileRef = 7A0E271221953316001FE212 /* APNetApiToModelTests.swift */; };
		7A0E271521955F63001FE212 /* APNetApiUploadTests.swift in Sources */ = {isa = PBXBuildFile; fileRef = 7A0E271421955F63001FE212 /* APNetApiUploadTests.swift */; };
		7A0E2719219563A3001FE212 /* rainbow.jpg in Resources */ = {isa = PBXBuildFile; fileRef = 7A0E2717219563A3001FE212 /* rainbow.jpg */; };
		7A0E271B21956447001FE212 /* BaseTestCase.swift in Sources */ = {isa = PBXBuildFile; fileRef = 7A0E271A21956447001FE212 /* BaseTestCase.swift */; };
		7A0E271C219568A7001FE212 /* rainbow.jpg in Resources */ = {isa = PBXBuildFile; fileRef = 7A0E2717219563A3001FE212 /* rainbow.jpg */; };
		7A0E271E21957F48001FE212 /* APNetApiResponseTests.swift in Sources */ = {isa = PBXBuildFile; fileRef = 7A0E271D21957F48001FE212 /* APNetApiResponseTests.swift */; };
		7A0E272021958A42001FE212 /* APNetApiOtherTests.swift in Sources */ = {isa = PBXBuildFile; fileRef = 7A0E271F21958A42001FE212 /* APNetApiOtherTests.swift */; };
		7A34D58521B8D40A0041E5D5 /* APPinCacheTests.swift in Sources */ = {isa = PBXBuildFile; fileRef = 7A34D58421B8D40A0041E5D5 /* APPinCacheTests.swift */; };
		7A34D58921B8FC410041E5D5 /* APUserDefaultsTests.swift in Sources */ = {isa = PBXBuildFile; fileRef = 7A34D58821B8FC410041E5D5 /* APUserDefaultsTests.swift */; };
		7A34D58F21B906190041E5D5 /* APDeviceTests.swift in Sources */ = {isa = PBXBuildFile; fileRef = 7A34D58E21B906190041E5D5 /* APDeviceTests.swift */; };
		7A34D59321BA0A080041E5D5 /* APKeychainTests.swift in Sources */ = {isa = PBXBuildFile; fileRef = 7A34D59221BA0A080041E5D5 /* APKeychainTests.swift */; };
		7A41803E21927B2A00C6BBD0 /* ConvertorTests.swift in Sources */ = {isa = PBXBuildFile; fileRef = 7A41803D21927B2A00C6BBD0 /* ConvertorTests.swift */; };
		7A41804021927C4D00C6BBD0 /* OperatorTests.swift in Sources */ = {isa = PBXBuildFile; fileRef = 7A41803F21927C4D00C6BBD0 /* OperatorTests.swift */; };
		7A4CCF06218C655C00636A8E /* APNetApiRequestTests.swift in Sources */ = {isa = PBXBuildFile; fileRef = 7A4CCF05218C655C00636A8E /* APNetApiRequestTests.swift */; };
		7A80DE7721EECDFB003C3D8F /* APSendCodeButtonTests.swift in Sources */ = {isa = PBXBuildFile; fileRef = 7A80DE7621EECDFB003C3D8F /* APSendCodeButtonTests.swift */; };
		7A80DE7B21EED4DB003C3D8F /* APBaseViewModelTests.swift in Sources */ = {isa = PBXBuildFile; fileRef = 7A80DE7A21EED4DB003C3D8F /* APBaseViewModelTests.swift */; };
		7A80DE7D21EED6ED003C3D8F /* APBaseListViewModelTests.swift in Sources */ = {isa = PBXBuildFile; fileRef = 7A80DE7C21EED6ED003C3D8F /* APBaseListViewModelTests.swift */; };
		7A80DE8121EED9D1003C3D8F /* APWKWebViewTests.swift in Sources */ = {isa = PBXBuildFile; fileRef = 7A80DE8021EED9D1003C3D8F /* APWKWebViewTests.swift */; };
		7A80DE8321EEF8C5003C3D8F /* APBaseViewControllerTests.swift in Sources */ = {isa = PBXBuildFile; fileRef = 7A80DE8221EEF8C5003C3D8F /* APBaseViewControllerTests.swift */; };
		7A80DE8521EEFCAC003C3D8F /* APBaseListViewControllerTests.swift in Sources */ = {isa = PBXBuildFile; fileRef = 7A80DE8421EEFCAC003C3D8F /* APBaseListViewControllerTests.swift */; };
		7A80DE8721EEFE5E003C3D8F /* APBaseWebViewController.swift in Sources */ = {isa = PBXBuildFile; fileRef = 7A80DE8621EEFE5E003C3D8F /* APBaseWebViewController.swift */; };
		7A80DE8921EEFF40003C3D8F /* UIColorHexTests.swift in Sources */ = {isa = PBXBuildFile; fileRef = 7A80DE8821EEFF40003C3D8F /* UIColorHexTests.swift */; };
		7A80DE8B21EF045E003C3D8F /* UIColorExTests.swift in Sources */ = {isa = PBXBuildFile; fileRef = 7A80DE8A21EF045E003C3D8F /* UIColorExTests.swift */; };
		7A80DE8D21EF05A7003C3D8F /* DateExTests.swift in Sources */ = {isa = PBXBuildFile; fileRef = 7A80DE8C21EF05A7003C3D8F /* DateExTests.swift */; };
		7A80DE9021EF074C003C3D8F /* APValidatorTests.swift in Sources */ = {isa = PBXBuildFile; fileRef = 7A80DE8F21EF074C003C3D8F /* APValidatorTests.swift */; };
		7A80DE9321EF08DF003C3D8F /* SwiftReflectionToolTests.swift in Sources */ = {isa = PBXBuildFile; fileRef = 7A80DE9221EF08DF003C3D8F /* SwiftReflectionToolTests.swift */; };
		7A80DE9921EF1757003C3D8F /* BundleResourceTests.swift in Sources */ = {isa = PBXBuildFile; fileRef = 7A80DE9821EF1757003C3D8F /* BundleResourceTests.swift */; };
		7A8482DA21BF4AF600CFC910 /* APLocationTests.swift in Sources */ = {isa = PBXBuildFile; fileRef = 7A8482D921BF4AF600CFC910 /* APLocationTests.swift */; };
		7A97734021AC403E00E79893 /* APGCDTests.swift in Sources */ = {isa = PBXBuildFile; fileRef = 7A97733F21AC403E00E79893 /* APGCDTests.swift */; };
		7AB5574F2223E99B00DCF393 /* UserNotifications.framework in Frameworks */ = {isa = PBXBuildFile; fileRef = 7AB5574E2223E99A00DCF393 /* UserNotifications.framework */; };
		7AB71B7221918A9500D41919 /* DictionaryExTests.swift in Sources */ = {isa = PBXBuildFile; fileRef = 7AB71B7121918A9500D41919 /* DictionaryExTests.swift */; };
		7AB71B7421918D4D00D41919 /* StringExTests.swift in Sources */ = {isa = PBXBuildFile; fileRef = 7AB71B7321918D4D00D41919 /* StringExTests.swift */; };
		7ABF7BFE21C0DD8C00049632 /* APBiometricsTests.swift in Sources */ = {isa = PBXBuildFile; fileRef = 7ABF7BFD21C0DD8C00049632 /* APBiometricsTests.swift */; };
		7AC5D12C2193D38A006ABC48 /* APIndicatorTests.swift in Sources */ = {isa = PBXBuildFile; fileRef = 7AC5D12B2193D38A006ABC48 /* APIndicatorTests.swift */; };
		7AC5D1362193E12D006ABC48 /* APErrorTests.swift in Sources */ = {isa = PBXBuildFile; fileRef = 7AC5D1352193E12D006ABC48 /* APErrorTests.swift */; };
		7AC5D13821942914006ABC48 /* APNetIndicatorClientTests.swift in Sources */ = {isa = PBXBuildFile; fileRef = 7AC5D13721942914006ABC48 /* APNetIndicatorClientTests.swift */; };
		7AC5D13A21942941006ABC48 /* TestNetApi.swift in Sources */ = {isa = PBXBuildFile; fileRef = 7AC5D13921942941006ABC48 /* TestNetApi.swift */; };
		7AC936A321B7A0E40022EAC4 /* APPNetApiPromiseTests.swift in Sources */ = {isa = PBXBuildFile; fileRef = 7AC936A221B7A0E40022EAC4 /* APPNetApiPromiseTests.swift */; };
		7AD42D2422002F0300AD8645 /* WebBridgeViewController.swift in Sources */ = {isa = PBXBuildFile; fileRef = 7AD42D2322002F0300AD8645 /* WebBridgeViewController.swift */; };
		7AD42D2622002FF500AD8645 /* webview_simple.html in Resources */ = {isa = PBXBuildFile; fileRef = 7AD42D2522002FF500AD8645 /* webview_simple.html */; };
		7AD42D4A2200324D00AD8645 /* SimpleWebViewController.swift in Sources */ = {isa = PBXBuildFile; fileRef = 7AD42D492200324D00AD8645 /* SimpleWebViewController.swift */; };
		7AD42D4B220032AB00AD8645 /* webview_bridge.html in Resources */ = {isa = PBXBuildFile; fileRef = 7AD42D2122002C4C00AD8645 /* webview_bridge.html */; };
		7AD42D4D2200339400AD8645 /* SimpleWebViewController.xib in Resources */ = {isa = PBXBuildFile; fileRef = 7AD42D4C2200339400AD8645 /* SimpleWebViewController.xib */; };
		7AD42D4F220033C800AD8645 /* WebBridgeViewController.xib in Resources */ = {isa = PBXBuildFile; fileRef = 7AD42D4E220033C800AD8645 /* WebBridgeViewController.xib */; };
		7AD42D6522003D8100AD8645 /* ListTypeViewController.swift in Sources */ = {isa = PBXBuildFile; fileRef = 7AD42D6322003D8100AD8645 /* ListTypeViewController.swift */; };
		7AD42D6622003D8100AD8645 /* ListTypeViewController.xib in Resources */ = {isa = PBXBuildFile; fileRef = 7AD42D6422003D8100AD8645 /* ListTypeViewController.xib */; };
		7AD42D6A22003E2700AD8645 /* ListTypeViewModel.swift in Sources */ = {isa = PBXBuildFile; fileRef = 7AD42D6922003E2700AD8645 /* ListTypeViewModel.swift */; };
		7AD42D6C22003E3900AD8645 /* ListTypeRepository.swift in Sources */ = {isa = PBXBuildFile; fileRef = 7AD42D6B22003E3900AD8645 /* ListTypeRepository.swift */; };
		7AD42D7122004E7400AD8645 /* IndicatorViewController.swift in Sources */ = {isa = PBXBuildFile; fileRef = 7AD42D6F22004E7400AD8645 /* IndicatorViewController.swift */; };
		7AD42D7222004E7400AD8645 /* IndicatorViewController.xib in Resources */ = {isa = PBXBuildFile; fileRef = 7AD42D7022004E7400AD8645 /* IndicatorViewController.xib */; };
		7AD42D7622004EF800AD8645 /* IndicatorViewModel.swift in Sources */ = {isa = PBXBuildFile; fileRef = 7AD42D7522004EF800AD8645 /* IndicatorViewModel.swift */; };
		7AD42D7822004F0600AD8645 /* IndicatorRepository.swift in Sources */ = {isa = PBXBuildFile; fileRef = 7AD42D7722004F0600AD8645 /* IndicatorRepository.swift */; };
		7AD42D832201491D00AD8645 /* NetworkViewController.swift in Sources */ = {isa = PBXBuildFile; fileRef = 7AD42D812201491D00AD8645 /* NetworkViewController.swift */; };
		7AD42D862201492B00AD8645 /* NetworkViewModel.swift in Sources */ = {isa = PBXBuildFile; fileRef = 7AD42D852201492B00AD8645 /* NetworkViewModel.swift */; };
		7AD42D882201493A00AD8645 /* NetworkRepository.swift in Sources */ = {isa = PBXBuildFile; fileRef = 7AD42D872201493A00AD8645 /* NetworkRepository.swift */; };
		7AD42D8A22014B3F00AD8645 /* Network.storyboard in Resources */ = {isa = PBXBuildFile; fileRef = 7AD42D8922014B3F00AD8645 /* Network.storyboard */; };
		7AD42D8C22014B9700AD8645 /* NetworkDetailViewController.swift in Sources */ = {isa = PBXBuildFile; fileRef = 7AD42D8B22014B9700AD8645 /* NetworkDetailViewController.swift */; };
		7AD42D8F2201554200AD8645 /* NetworkApi.swift in Sources */ = {isa = PBXBuildFile; fileRef = 7AD42D8E2201554200AD8645 /* NetworkApi.swift */; };
		7AD42D90220167AB00AD8645 /* rainbow.jpg in Resources */ = {isa = PBXBuildFile; fileRef = 7A0E2717219563A3001FE212 /* rainbow.jpg */; };
		7AD42DA722017E4800AD8645 /* CacheViewController.xib in Resources */ = {isa = PBXBuildFile; fileRef = 7AD42DA122017E4700AD8645 /* CacheViewController.xib */; };
		7AD42DA822017E4800AD8645 /* CacheViewController.swift in Sources */ = {isa = PBXBuildFile; fileRef = 7AD42DA222017E4700AD8645 /* CacheViewController.swift */; };
		7AD42DA922017E4800AD8645 /* CacheViewModel.swift in Sources */ = {isa = PBXBuildFile; fileRef = 7AD42DA422017E4800AD8645 /* CacheViewModel.swift */; };
		7AD42DAA22017E4800AD8645 /* CacheRepository.swift in Sources */ = {isa = PBXBuildFile; fileRef = 7AD42DA622017E4800AD8645 /* CacheRepository.swift */; };
		7AD42DB322018EE400AD8645 /* DeviceInfoViewController.swift in Sources */ = {isa = PBXBuildFile; fileRef = 7AD42DB122018EE400AD8645 /* DeviceInfoViewController.swift */; };
		7AD42DB422018EE400AD8645 /* DeviceInfoViewController.xib in Resources */ = {isa = PBXBuildFile; fileRef = 7AD42DB222018EE400AD8645 /* DeviceInfoViewController.xib */; };
		7AD42DB622018EF500AD8645 /* DeviceInfoViewModel.swift in Sources */ = {isa = PBXBuildFile; fileRef = 7AD42DB522018EF500AD8645 /* DeviceInfoViewModel.swift */; };
		7AD42DB822018F0900AD8645 /* DeviceInfoRepository.swift in Sources */ = {isa = PBXBuildFile; fileRef = 7AD42DB722018F0900AD8645 /* DeviceInfoRepository.swift */; };
		7AD42DBE2201954B00AD8645 /* LocationRepository.swift in Sources */ = {isa = PBXBuildFile; fileRef = 7AD42DBD2201954B00AD8645 /* LocationRepository.swift */; };
		7AD42DC0220195AA00AD8645 /* LocationViewModel.swift in Sources */ = {isa = PBXBuildFile; fileRef = 7AD42DBF220195AA00AD8645 /* LocationViewModel.swift */; };
		7AD42DC3220195BD00AD8645 /* LocationViewController.swift in Sources */ = {isa = PBXBuildFile; fileRef = 7AD42DC1220195BD00AD8645 /* LocationViewController.swift */; };
		7AD42DC4220195BD00AD8645 /* LocationViewController.xib in Resources */ = {isa = PBXBuildFile; fileRef = 7AD42DC2220195BD00AD8645 /* LocationViewController.xib */; };
		7AD42DC62201B1A400AD8645 /* APRepeatingTimerTests.swift in Sources */ = {isa = PBXBuildFile; fileRef = 7AD42DC52201B1A400AD8645 /* APRepeatingTimerTests.swift */; };
		7AD9A0382182FE61007BAD59 /* StringCryptoTests.swift in Sources */ = {isa = PBXBuildFile; fileRef = 7AD9A0372182FE61007BAD59 /* StringCryptoTests.swift */; };
		7AF0CFE621EC23C300D3E4C4 /* BaseRepository.swift in Sources */ = {isa = PBXBuildFile; fileRef = 7AF0CFDF21EC23C300D3E4C4 /* BaseRepository.swift */; };
		7AF0CFE721EC23C300D3E4C4 /* BaseViewModel.swift in Sources */ = {isa = PBXBuildFile; fileRef = 7AF0CFE021EC23C300D3E4C4 /* BaseViewModel.swift */; };
		7AF0CFE821EC23C300D3E4C4 /* BaseListViewController.swift in Sources */ = {isa = PBXBuildFile; fileRef = 7AF0CFE121EC23C300D3E4C4 /* BaseListViewController.swift */; };
		7AF0CFE921EC23C300D3E4C4 /* BaseViewController.swift in Sources */ = {isa = PBXBuildFile; fileRef = 7AF0CFE221EC23C300D3E4C4 /* BaseViewController.swift */; };
		7AF0CFEA21EC23C300D3E4C4 /* BaseListViewModel.swift in Sources */ = {isa = PBXBuildFile; fileRef = 7AF0CFE321EC23C300D3E4C4 /* BaseListViewModel.swift */; };
		7AF0CFEB21EC23C300D3E4C4 /* BaseWebViewController.xib in Resources */ = {isa = PBXBuildFile; fileRef = 7AF0CFE421EC23C300D3E4C4 /* BaseWebViewController.xib */; };
		7AF0CFEC21EC23C300D3E4C4 /* BaseWebViewController.swift in Sources */ = {isa = PBXBuildFile; fileRef = 7AF0CFE521EC23C300D3E4C4 /* BaseWebViewController.swift */; };
		7AF0CFF221EC242800D3E4C4 /* Router.swift in Sources */ = {isa = PBXBuildFile; fileRef = 7AF0CFF121EC242800D3E4C4 /* Router.swift */; };
		7AF0CFF721EC260400D3E4C4 /* UIComponentViewController.swift in Sources */ = {isa = PBXBuildFile; fileRef = 7AF0CFF621EC260400D3E4C4 /* UIComponentViewController.swift */; };
		7AF0CFF921EC261300D3E4C4 /* HomeViewController.swift in Sources */ = {isa = PBXBuildFile; fileRef = 7AF0CFF821EC261300D3E4C4 /* HomeViewController.swift */; };
		7AF0CFFF21EC2EF400D3E4C4 /* MenuListViewController.swift in Sources */ = {isa = PBXBuildFile; fileRef = 7AF0CFFE21EC2EF400D3E4C4 /* MenuListViewController.swift */; };
		7AF0D00121EC2F0600D3E4C4 /* MenuListViewModel.swift in Sources */ = {isa = PBXBuildFile; fileRef = 7AF0D00021EC2F0600D3E4C4 /* MenuListViewModel.swift */; };
		7AF0D00321EC2F1A00D3E4C4 /* MenuListRepository.swift in Sources */ = {isa = PBXBuildFile; fileRef = 7AF0D00221EC2F1A00D3E4C4 /* MenuListRepository.swift */; };
		7AF0D01021EC548800D3E4C4 /* DoraemonLib.swift in Sources */ = {isa = PBXBuildFile; fileRef = 7AF0D00E21EC541900D3E4C4 /* DoraemonLib.swift */; };
		7AF0D01121EC548B00D3E4C4 /* LumberjackLib.swift in Sources */ = {isa = PBXBuildFile; fileRef = 7AF0CFBA21EC1DCD00D3E4C4 /* LumberjackLib.swift */; };
		7AF0D01321EC5BCA00D3E4C4 /* DataViewController.swift in Sources */ = {isa = PBXBuildFile; fileRef = 7AF0D01221EC5BCA00D3E4C4 /* DataViewController.swift */; };
		7AF0D01B21EC776100D3E4C4 /* CrashFunction.m in Sources */ = {isa = PBXBuildFile; fileRef = 7AF0D01A21EC776100D3E4C4 /* CrashFunction.m */; };
		7AF0D01E21ED6F2F00D3E4C4 /* GlobalConfig.swift in Sources */ = {isa = PBXBuildFile; fileRef = 7AF0D01D21ED6F2F00D3E4C4 /* GlobalConfig.swift */; };
		7AF0D02021ED707300D3E4C4 /* UMengLib.swift in Sources */ = {isa = PBXBuildFile; fileRef = 7AF0D01F21ED707300D3E4C4 /* UMengLib.swift */; };
		AC2AD690BF27451EB369D72D /* Pods_ApplepieTests.framework in Frameworks */ = {isa = PBXBuildFile; fileRef = F6CCA6585AD4D3748C820EF2 /* Pods_ApplepieTests.framework */; };
		D4CBE10A65980404CA4EF15F /* Pods_ApplepieDemo.framework in Frameworks */ = {isa = PBXBuildFile; fileRef = AC38186867283789C5BB010C /* Pods_ApplepieDemo.framework */; };
		ECBCAA792CB2F5B34FB7C53F /* Pods_ApplepieDemoTests.framework in Frameworks */ = {isa = PBXBuildFile; fileRef = 9ECC6C3FE978D171326DE6FF /* Pods_ApplepieDemoTests.framework */; };
/* End PBXBuildFile section */

/* Begin PBXContainerItemProxy section */
		7A02DED92182EE5D00B41DB6 /* PBXContainerItemProxy */ = {
			isa = PBXContainerItemProxy;
			containerPortal = 7A02DEBC2182EE5D00B41DB6 /* Project object */;
			proxyType = 1;
			remoteGlobalIDString = 7A02DEC32182EE5D00B41DB6;
			remoteInfo = ApplepieDemo;
		};
		7AD9A0392183019F007BAD59 /* PBXContainerItemProxy */ = {
			isa = PBXContainerItemProxy;
			containerPortal = 7A02DEBC2182EE5D00B41DB6 /* Project object */;
			proxyType = 1;
			remoteGlobalIDString = 7A02DEC32182EE5D00B41DB6;
			remoteInfo = ApplepieDemo;
		};
/* End PBXContainerItemProxy section */

/* Begin PBXCopyFilesBuildPhase section */
		7A02DF092182F11600B41DB6 /* Embed Frameworks */ = {
			isa = PBXCopyFilesBuildPhase;
			buildActionMask = 2147483647;
			dstPath = "";
			dstSubfolderSpec = 10;
			files = (
			);
			name = "Embed Frameworks";
			runOnlyForDeploymentPostprocessing = 0;
		};
/* End PBXCopyFilesBuildPhase section */

/* Begin PBXFileReference section */
		05ECED5C9265BF58187E2E9A /* Pods-ApplepieDemoTests.release.xcconfig */ = {isa = PBXFileReference; includeInIndex = 1; lastKnownFileType = text.xcconfig; name = "Pods-ApplepieDemoTests.release.xcconfig"; path = "Target Support Files/Pods-ApplepieDemoTests/Pods-ApplepieDemoTests.release.xcconfig"; sourceTree = "<group>"; };
		4F18526D9D5C9AD68DA434DF /* Pods-ApplepieDemoTests.debug.xcconfig */ = {isa = PBXFileReference; includeInIndex = 1; lastKnownFileType = text.xcconfig; name = "Pods-ApplepieDemoTests.debug.xcconfig"; path = "Target Support Files/Pods-ApplepieDemoTests/Pods-ApplepieDemoTests.debug.xcconfig"; sourceTree = "<group>"; };
		7A02DEC42182EE5D00B41DB6 /* ApplepieDemo.app */ = {isa = PBXFileReference; explicitFileType = wrapper.application; includeInIndex = 0; path = ApplepieDemo.app; sourceTree = BUILT_PRODUCTS_DIR; };
		7A02DEC72182EE5D00B41DB6 /* AppDelegate.swift */ = {isa = PBXFileReference; lastKnownFileType = sourcecode.swift; path = AppDelegate.swift; sourceTree = "<group>"; };
		7A02DEC92182EE5D00B41DB6 /* ViewController.swift */ = {isa = PBXFileReference; lastKnownFileType = sourcecode.swift; path = ViewController.swift; sourceTree = "<group>"; };
		7A02DECC2182EE5D00B41DB6 /* Base */ = {isa = PBXFileReference; lastKnownFileType = file.storyboard; name = Base; path = Base.lproj/Main.storyboard; sourceTree = "<group>"; };
		7A02DECE2182EE5D00B41DB6 /* Assets.xcassets */ = {isa = PBXFileReference; lastKnownFileType = folder.assetcatalog; path = Assets.xcassets; sourceTree = "<group>"; };
		7A02DED12182EE5D00B41DB6 /* Base */ = {isa = PBXFileReference; lastKnownFileType = file.storyboard; name = Base; path = Base.lproj/LaunchScreen.storyboard; sourceTree = "<group>"; };
		7A02DED32182EE5D00B41DB6 /* Info.plist */ = {isa = PBXFileReference; lastKnownFileType = text.plist.xml; path = Info.plist; sourceTree = "<group>"; };
		7A02DED82182EE5D00B41DB6 /* ApplepieDemoTests.xctest */ = {isa = PBXFileReference; explicitFileType = wrapper.cfbundle; includeInIndex = 0; path = ApplepieDemoTests.xctest; sourceTree = BUILT_PRODUCTS_DIR; };
		7A02DEDC2182EE5D00B41DB6 /* ApplepieDemoTests.swift */ = {isa = PBXFileReference; lastKnownFileType = sourcecode.swift; path = ApplepieDemoTests.swift; sourceTree = "<group>"; };
		7A02DEDE2182EE5D00B41DB6 /* Info.plist */ = {isa = PBXFileReference; lastKnownFileType = text.plist.xml; path = Info.plist; sourceTree = "<group>"; };
		7A02DEF72182F11600B41DB6 /* ApplepieTests.xctest */ = {isa = PBXFileReference; explicitFileType = wrapper.cfbundle; includeInIndex = 0; path = ApplepieTests.xctest; sourceTree = BUILT_PRODUCTS_DIR; };
		7A02DF002182F11600B41DB6 /* Info.plist */ = {isa = PBXFileReference; lastKnownFileType = text.plist.xml; path = Info.plist; sourceTree = "<group>"; };
		7A048CBD223F7CEC00BF1DA5 /* DetectFromImageViewController.swift */ = {isa = PBXFileReference; lastKnownFileType = sourcecode.swift; path = DetectFromImageViewController.swift; sourceTree = "<group>"; };
		7A048CBE223F7CEC00BF1DA5 /* DetectFromImageViewController.xib */ = {isa = PBXFileReference; lastKnownFileType = file.xib; path = DetectFromImageViewController.xib; sourceTree = "<group>"; };
		7A048CC1223F8D3500BF1DA5 /* ObjectDetector.mlmodel */ = {isa = PBXFileReference; lastKnownFileType = file.mlmodel; path = ObjectDetector.mlmodel; sourceTree = "<group>"; };
		7A048CC3223F8DB100BF1DA5 /* RecognizFromCameraViewController.swift */ = {isa = PBXFileReference; lastKnownFileType = sourcecode.swift; path = RecognizFromCameraViewController.swift; sourceTree = "<group>"; };
		7A048CC4223F8DB100BF1DA5 /* RecognizFromCameraViewController.xib */ = {isa = PBXFileReference; lastKnownFileType = file.xib; path = RecognizFromCameraViewController.xib; sourceTree = "<group>"; };
		7A0BE4FB21C24558000748D5 /* UIViewControllerExTests.swift */ = {isa = PBXFileReference; lastKnownFileType = sourcecode.swift; path = UIViewControllerExTests.swift; sourceTree = "<group>"; };
		7A0BE4FD21C2456C000748D5 /* NSObjectExTests.swift */ = {isa = PBXFileReference; lastKnownFileType = sourcecode.swift; path = NSObjectExTests.swift; sourceTree = "<group>"; };
		7A0BE4FF21C254C2000748D5 /* ViewControllerNib.xib */ = {isa = PBXFileReference; lastKnownFileType = file.xib; path = ViewControllerNib.xib; sourceTree = "<group>"; };
		7A0BE50121C2598D000748D5 /* ViewControllerNib.swift */ = {isa = PBXFileReference; lastKnownFileType = sourcecode.swift; path = ViewControllerNib.swift; sourceTree = "<group>"; };
		7A0BE50421C25EE8000748D5 /* APRouterTests.swift */ = {isa = PBXFileReference; lastKnownFileType = sourcecode.swift; path = APRouterTests.swift; sourceTree = "<group>"; };
		7A0E271221953316001FE212 /* APNetApiToModelTests.swift */ = {isa = PBXFileReference; lastKnownFileType = sourcecode.swift; path = APNetApiToModelTests.swift; sourceTree = "<group>"; };
		7A0E271421955F63001FE212 /* APNetApiUploadTests.swift */ = {isa = PBXFileReference; lastKnownFileType = sourcecode.swift; path = APNetApiUploadTests.swift; sourceTree = "<group>"; };
		7A0E2717219563A3001FE212 /* rainbow.jpg */ = {isa = PBXFileReference; lastKnownFileType = image.jpeg; path = rainbow.jpg; sourceTree = "<group>"; };
		7A0E271A21956447001FE212 /* BaseTestCase.swift */ = {isa = PBXFileReference; lastKnownFileType = sourcecode.swift; path = BaseTestCase.swift; sourceTree = "<group>"; };
		7A0E271D21957F48001FE212 /* APNetApiResponseTests.swift */ = {isa = PBXFileReference; lastKnownFileType = sourcecode.swift; path = APNetApiResponseTests.swift; sourceTree = "<group>"; };
		7A0E271F21958A42001FE212 /* APNetApiOtherTests.swift */ = {isa = PBXFileReference; lastKnownFileType = sourcecode.swift; path = APNetApiOtherTests.swift; sourceTree = "<group>"; };
		7A34D58421B8D40A0041E5D5 /* APPinCacheTests.swift */ = {isa = PBXFileReference; lastKnownFileType = sourcecode.swift; path = APPinCacheTests.swift; sourceTree = "<group>"; };
		7A34D58821B8FC410041E5D5 /* APUserDefaultsTests.swift */ = {isa = PBXFileReference; lastKnownFileType = sourcecode.swift; path = APUserDefaultsTests.swift; sourceTree = "<group>"; };
		7A34D58E21B906190041E5D5 /* APDeviceTests.swift */ = {isa = PBXFileReference; lastKnownFileType = sourcecode.swift; path = APDeviceTests.swift; sourceTree = "<group>"; };
		7A34D59221BA0A080041E5D5 /* APKeychainTests.swift */ = {isa = PBXFileReference; lastKnownFileType = sourcecode.swift; path = APKeychainTests.swift; sourceTree = "<group>"; };
		7A41803D21927B2A00C6BBD0 /* ConvertorTests.swift */ = {isa = PBXFileReference; lastKnownFileType = sourcecode.swift; path = ConvertorTests.swift; sourceTree = "<group>"; };
		7A41803F21927C4D00C6BBD0 /* OperatorTests.swift */ = {isa = PBXFileReference; lastKnownFileType = sourcecode.swift; path = OperatorTests.swift; sourceTree = "<group>"; };
		7A4CCF05218C655C00636A8E /* APNetApiRequestTests.swift */ = {isa = PBXFileReference; lastKnownFileType = sourcecode.swift; path = APNetApiRequestTests.swift; sourceTree = "<group>"; };
		7A80DE7621EECDFB003C3D8F /* APSendCodeButtonTests.swift */ = {isa = PBXFileReference; lastKnownFileType = sourcecode.swift; path = APSendCodeButtonTests.swift; sourceTree = "<group>"; };
		7A80DE7A21EED4DB003C3D8F /* APBaseViewModelTests.swift */ = {isa = PBXFileReference; lastKnownFileType = sourcecode.swift; path = APBaseViewModelTests.swift; sourceTree = "<group>"; };
		7A80DE7C21EED6ED003C3D8F /* APBaseListViewModelTests.swift */ = {isa = PBXFileReference; lastKnownFileType = sourcecode.swift; path = APBaseListViewModelTests.swift; sourceTree = "<group>"; };
		7A80DE8021EED9D1003C3D8F /* APWKWebViewTests.swift */ = {isa = PBXFileReference; lastKnownFileType = sourcecode.swift; path = APWKWebViewTests.swift; sourceTree = "<group>"; };
		7A80DE8221EEF8C5003C3D8F /* APBaseViewControllerTests.swift */ = {isa = PBXFileReference; lastKnownFileType = sourcecode.swift; path = APBaseViewControllerTests.swift; sourceTree = "<group>"; };
		7A80DE8421EEFCAC003C3D8F /* APBaseListViewControllerTests.swift */ = {isa = PBXFileReference; lastKnownFileType = sourcecode.swift; path = APBaseListViewControllerTests.swift; sourceTree = "<group>"; };
		7A80DE8621EEFE5E003C3D8F /* APBaseWebViewController.swift */ = {isa = PBXFileReference; lastKnownFileType = sourcecode.swift; path = APBaseWebViewController.swift; sourceTree = "<group>"; };
		7A80DE8821EEFF40003C3D8F /* UIColorHexTests.swift */ = {isa = PBXFileReference; lastKnownFileType = sourcecode.swift; path = UIColorHexTests.swift; sourceTree = "<group>"; };
		7A80DE8A21EF045E003C3D8F /* UIColorExTests.swift */ = {isa = PBXFileReference; lastKnownFileType = sourcecode.swift; path = UIColorExTests.swift; sourceTree = "<group>"; };
		7A80DE8C21EF05A7003C3D8F /* DateExTests.swift */ = {isa = PBXFileReference; lastKnownFileType = sourcecode.swift; path = DateExTests.swift; sourceTree = "<group>"; };
		7A80DE8F21EF074C003C3D8F /* APValidatorTests.swift */ = {isa = PBXFileReference; lastKnownFileType = sourcecode.swift; path = APValidatorTests.swift; sourceTree = "<group>"; };
		7A80DE9221EF08DF003C3D8F /* SwiftReflectionToolTests.swift */ = {isa = PBXFileReference; lastKnownFileType = sourcecode.swift; path = SwiftReflectionToolTests.swift; sourceTree = "<group>"; };
		7A80DE9821EF1757003C3D8F /* BundleResourceTests.swift */ = {isa = PBXFileReference; lastKnownFileType = sourcecode.swift; path = BundleResourceTests.swift; sourceTree = "<group>"; };
		7A8482D921BF4AF600CFC910 /* APLocationTests.swift */ = {isa = PBXFileReference; lastKnownFileType = sourcecode.swift; path = APLocationTests.swift; sourceTree = "<group>"; };
		7A97733F21AC403E00E79893 /* APGCDTests.swift */ = {isa = PBXFileReference; lastKnownFileType = sourcecode.swift; path = APGCDTests.swift; sourceTree = "<group>"; };
		7AB5574E2223E99A00DCF393 /* UserNotifications.framework */ = {isa = PBXFileReference; lastKnownFileType = wrapper.framework; name = UserNotifications.framework; path = System/Library/Frameworks/UserNotifications.framework; sourceTree = SDKROOT; };
		7AB71B7121918A9500D41919 /* DictionaryExTests.swift */ = {isa = PBXFileReference; lastKnownFileType = sourcecode.swift; path = DictionaryExTests.swift; sourceTree = "<group>"; };
		7AB71B7321918D4D00D41919 /* StringExTests.swift */ = {isa = PBXFileReference; lastKnownFileType = sourcecode.swift; path = StringExTests.swift; sourceTree = "<group>"; };
		7ABF7BFD21C0DD8C00049632 /* APBiometricsTests.swift */ = {isa = PBXFileReference; lastKnownFileType = sourcecode.swift; path = APBiometricsTests.swift; sourceTree = "<group>"; };
		7AC5D12B2193D38A006ABC48 /* APIndicatorTests.swift */ = {isa = PBXFileReference; lastKnownFileType = sourcecode.swift; path = APIndicatorTests.swift; sourceTree = "<group>"; };
		7AC5D1342193E030006ABC48 /* README.md */ = {isa = PBXFileReference; lastKnownFileType = net.daringfireball.markdown; name = README.md; path = ../../README.md; sourceTree = "<group>"; };
		7AC5D1352193E12D006ABC48 /* APErrorTests.swift */ = {isa = PBXFileReference; lastKnownFileType = sourcecode.swift; path = APErrorTests.swift; sourceTree = "<group>"; };
		7AC5D13721942914006ABC48 /* APNetIndicatorClientTests.swift */ = {isa = PBXFileReference; lastKnownFileType = sourcecode.swift; path = APNetIndicatorClientTests.swift; sourceTree = "<group>"; };
		7AC5D13921942941006ABC48 /* TestNetApi.swift */ = {isa = PBXFileReference; lastKnownFileType = sourcecode.swift; path = TestNetApi.swift; sourceTree = "<group>"; };
		7AC936A221B7A0E40022EAC4 /* APPNetApiPromiseTests.swift */ = {isa = PBXFileReference; lastKnownFileType = sourcecode.swift; path = APPNetApiPromiseTests.swift; sourceTree = "<group>"; };
		7AD42D2122002C4C00AD8645 /* webview_bridge.html */ = {isa = PBXFileReference; lastKnownFileType = text.html; path = webview_bridge.html; sourceTree = "<group>"; };
		7AD42D2322002F0300AD8645 /* WebBridgeViewController.swift */ = {isa = PBXFileReference; lastKnownFileType = sourcecode.swift; path = WebBridgeViewController.swift; sourceTree = "<group>"; };
		7AD42D2522002FF500AD8645 /* webview_simple.html */ = {isa = PBXFileReference; lastKnownFileType = text.html; path = webview_simple.html; sourceTree = "<group>"; };
		7AD42D492200324D00AD8645 /* SimpleWebViewController.swift */ = {isa = PBXFileReference; lastKnownFileType = sourcecode.swift; path = SimpleWebViewController.swift; sourceTree = "<group>"; };
		7AD42D4C2200339400AD8645 /* SimpleWebViewController.xib */ = {isa = PBXFileReference; lastKnownFileType = file.xib; path = SimpleWebViewController.xib; sourceTree = "<group>"; };
		7AD42D4E220033C800AD8645 /* WebBridgeViewController.xib */ = {isa = PBXFileReference; lastKnownFileType = file.xib; path = WebBridgeViewController.xib; sourceTree = "<group>"; };
		7AD42D6322003D8100AD8645 /* ListTypeViewController.swift */ = {isa = PBXFileReference; lastKnownFileType = sourcecode.swift; path = ListTypeViewController.swift; sourceTree = "<group>"; };
		7AD42D6422003D8100AD8645 /* ListTypeViewController.xib */ = {isa = PBXFileReference; lastKnownFileType = file.xib; path = ListTypeViewController.xib; sourceTree = "<group>"; };
		7AD42D6922003E2700AD8645 /* ListTypeViewModel.swift */ = {isa = PBXFileReference; lastKnownFileType = sourcecode.swift; path = ListTypeViewModel.swift; sourceTree = "<group>"; };
		7AD42D6B22003E3900AD8645 /* ListTypeRepository.swift */ = {isa = PBXFileReference; lastKnownFileType = sourcecode.swift; path = ListTypeRepository.swift; sourceTree = "<group>"; };
		7AD42D6F22004E7400AD8645 /* IndicatorViewController.swift */ = {isa = PBXFileReference; lastKnownFileType = sourcecode.swift; path = IndicatorViewController.swift; sourceTree = "<group>"; };
		7AD42D7022004E7400AD8645 /* IndicatorViewController.xib */ = {isa = PBXFileReference; lastKnownFileType = file.xib; path = IndicatorViewController.xib; sourceTree = "<group>"; };
		7AD42D7522004EF800AD8645 /* IndicatorViewModel.swift */ = {isa = PBXFileReference; lastKnownFileType = sourcecode.swift; path = IndicatorViewModel.swift; sourceTree = "<group>"; };
		7AD42D7722004F0600AD8645 /* IndicatorRepository.swift */ = {isa = PBXFileReference; lastKnownFileType = sourcecode.swift; path = IndicatorRepository.swift; sourceTree = "<group>"; };
		7AD42D812201491D00AD8645 /* NetworkViewController.swift */ = {isa = PBXFileReference; lastKnownFileType = sourcecode.swift; path = NetworkViewController.swift; sourceTree = "<group>"; };
		7AD42D852201492B00AD8645 /* NetworkViewModel.swift */ = {isa = PBXFileReference; lastKnownFileType = sourcecode.swift; path = NetworkViewModel.swift; sourceTree = "<group>"; };
		7AD42D872201493A00AD8645 /* NetworkRepository.swift */ = {isa = PBXFileReference; lastKnownFileType = sourcecode.swift; path = NetworkRepository.swift; sourceTree = "<group>"; };
		7AD42D8922014B3F00AD8645 /* Network.storyboard */ = {isa = PBXFileReference; lastKnownFileType = file.storyboard; path = Network.storyboard; sourceTree = "<group>"; };
		7AD42D8B22014B9700AD8645 /* NetworkDetailViewController.swift */ = {isa = PBXFileReference; lastKnownFileType = sourcecode.swift; path = NetworkDetailViewController.swift; sourceTree = "<group>"; };
		7AD42D8E2201554200AD8645 /* NetworkApi.swift */ = {isa = PBXFileReference; lastKnownFileType = sourcecode.swift; path = NetworkApi.swift; sourceTree = "<group>"; };
		7AD42DA122017E4700AD8645 /* CacheViewController.xib */ = {isa = PBXFileReference; fileEncoding = 4; lastKnownFileType = file.xib; path = CacheViewController.xib; sourceTree = "<group>"; };
		7AD42DA222017E4700AD8645 /* CacheViewController.swift */ = {isa = PBXFileReference; fileEncoding = 4; lastKnownFileType = sourcecode.swift; path = CacheViewController.swift; sourceTree = "<group>"; };
		7AD42DA422017E4800AD8645 /* CacheViewModel.swift */ = {isa = PBXFileReference; fileEncoding = 4; lastKnownFileType = sourcecode.swift; path = CacheViewModel.swift; sourceTree = "<group>"; };
		7AD42DA622017E4800AD8645 /* CacheRepository.swift */ = {isa = PBXFileReference; fileEncoding = 4; lastKnownFileType = sourcecode.swift; path = CacheRepository.swift; sourceTree = "<group>"; };
		7AD42DB122018EE400AD8645 /* DeviceInfoViewController.swift */ = {isa = PBXFileReference; lastKnownFileType = sourcecode.swift; path = DeviceInfoViewController.swift; sourceTree = "<group>"; };
		7AD42DB222018EE400AD8645 /* DeviceInfoViewController.xib */ = {isa = PBXFileReference; lastKnownFileType = file.xib; path = DeviceInfoViewController.xib; sourceTree = "<group>"; };
		7AD42DB522018EF500AD8645 /* DeviceInfoViewModel.swift */ = {isa = PBXFileReference; lastKnownFileType = sourcecode.swift; path = DeviceInfoViewModel.swift; sourceTree = "<group>"; };
		7AD42DB722018F0900AD8645 /* DeviceInfoRepository.swift */ = {isa = PBXFileReference; lastKnownFileType = sourcecode.swift; path = DeviceInfoRepository.swift; sourceTree = "<group>"; };
		7AD42DBD2201954B00AD8645 /* LocationRepository.swift */ = {isa = PBXFileReference; lastKnownFileType = sourcecode.swift; path = LocationRepository.swift; sourceTree = "<group>"; };
		7AD42DBF220195AA00AD8645 /* LocationViewModel.swift */ = {isa = PBXFileReference; lastKnownFileType = sourcecode.swift; path = LocationViewModel.swift; sourceTree = "<group>"; };
		7AD42DC1220195BD00AD8645 /* LocationViewController.swift */ = {isa = PBXFileReference; lastKnownFileType = sourcecode.swift; path = LocationViewController.swift; sourceTree = "<group>"; };
		7AD42DC2220195BD00AD8645 /* LocationViewController.xib */ = {isa = PBXFileReference; lastKnownFileType = file.xib; path = LocationViewController.xib; sourceTree = "<group>"; };
		7AD42DC52201B1A400AD8645 /* APRepeatingTimerTests.swift */ = {isa = PBXFileReference; lastKnownFileType = sourcecode.swift; path = APRepeatingTimerTests.swift; sourceTree = "<group>"; };
		7AD9A0372182FE61007BAD59 /* StringCryptoTests.swift */ = {isa = PBXFileReference; lastKnownFileType = sourcecode.swift; path = StringCryptoTests.swift; sourceTree = "<group>"; };
		7AD9A0412186E7C6007BAD59 /* CryptoSwift.framework */ = {isa = PBXFileReference; explicitFileType = wrapper.framework; path = CryptoSwift.framework; sourceTree = BUILT_PRODUCTS_DIR; };
		7AF0CFBA21EC1DCD00D3E4C4 /* LumberjackLib.swift */ = {isa = PBXFileReference; fileEncoding = 4; lastKnownFileType = sourcecode.swift; path = LumberjackLib.swift; sourceTree = "<group>"; };
		7AF0CFDF21EC23C300D3E4C4 /* BaseRepository.swift */ = {isa = PBXFileReference; fileEncoding = 4; lastKnownFileType = sourcecode.swift; path = BaseRepository.swift; sourceTree = "<group>"; };
		7AF0CFE021EC23C300D3E4C4 /* BaseViewModel.swift */ = {isa = PBXFileReference; fileEncoding = 4; lastKnownFileType = sourcecode.swift; path = BaseViewModel.swift; sourceTree = "<group>"; };
		7AF0CFE121EC23C300D3E4C4 /* BaseListViewController.swift */ = {isa = PBXFileReference; fileEncoding = 4; lastKnownFileType = sourcecode.swift; path = BaseListViewController.swift; sourceTree = "<group>"; };
		7AF0CFE221EC23C300D3E4C4 /* BaseViewController.swift */ = {isa = PBXFileReference; fileEncoding = 4; lastKnownFileType = sourcecode.swift; path = BaseViewController.swift; sourceTree = "<group>"; };
		7AF0CFE321EC23C300D3E4C4 /* BaseListViewModel.swift */ = {isa = PBXFileReference; fileEncoding = 4; lastKnownFileType = sourcecode.swift; path = BaseListViewModel.swift; sourceTree = "<group>"; };
		7AF0CFE421EC23C300D3E4C4 /* BaseWebViewController.xib */ = {isa = PBXFileReference; fileEncoding = 4; lastKnownFileType = file.xib; path = BaseWebViewController.xib; sourceTree = "<group>"; };
		7AF0CFE521EC23C300D3E4C4 /* BaseWebViewController.swift */ = {isa = PBXFileReference; fileEncoding = 4; lastKnownFileType = sourcecode.swift; path = BaseWebViewController.swift; sourceTree = "<group>"; };
		7AF0CFF121EC242800D3E4C4 /* Router.swift */ = {isa = PBXFileReference; fileEncoding = 4; lastKnownFileType = sourcecode.swift; path = Router.swift; sourceTree = "<group>"; };
		7AF0CFF621EC260400D3E4C4 /* UIComponentViewController.swift */ = {isa = PBXFileReference; lastKnownFileType = sourcecode.swift; path = UIComponentViewController.swift; sourceTree = "<group>"; };
		7AF0CFF821EC261300D3E4C4 /* HomeViewController.swift */ = {isa = PBXFileReference; lastKnownFileType = sourcecode.swift; path = HomeViewController.swift; sourceTree = "<group>"; };
		7AF0CFFE21EC2EF400D3E4C4 /* MenuListViewController.swift */ = {isa = PBXFileReference; lastKnownFileType = sourcecode.swift; path = MenuListViewController.swift; sourceTree = "<group>"; };
		7AF0D00021EC2F0600D3E4C4 /* MenuListViewModel.swift */ = {isa = PBXFileReference; lastKnownFileType = sourcecode.swift; path = MenuListViewModel.swift; sourceTree = "<group>"; };
		7AF0D00221EC2F1A00D3E4C4 /* MenuListRepository.swift */ = {isa = PBXFileReference; lastKnownFileType = sourcecode.swift; path = MenuListRepository.swift; sourceTree = "<group>"; };
		7AF0D00E21EC541900D3E4C4 /* DoraemonLib.swift */ = {isa = PBXFileReference; lastKnownFileType = sourcecode.swift; path = DoraemonLib.swift; sourceTree = "<group>"; };
		7AF0D01221EC5BCA00D3E4C4 /* DataViewController.swift */ = {isa = PBXFileReference; lastKnownFileType = sourcecode.swift; path = DataViewController.swift; sourceTree = "<group>"; };
		7AF0D01921EC776000D3E4C4 /* ApplepieDemo-Bridging-Header.h */ = {isa = PBXFileReference; lastKnownFileType = sourcecode.c.h; path = "ApplepieDemo-Bridging-Header.h"; sourceTree = "<group>"; };
		7AF0D01A21EC776100D3E4C4 /* CrashFunction.m */ = {isa = PBXFileReference; lastKnownFileType = sourcecode.c.objc; path = CrashFunction.m; sourceTree = "<group>"; };
		7AF0D01C21EC778D00D3E4C4 /* CrashFunction.h */ = {isa = PBXFileReference; lastKnownFileType = sourcecode.c.h; path = CrashFunction.h; sourceTree = "<group>"; };
		7AF0D01D21ED6F2F00D3E4C4 /* GlobalConfig.swift */ = {isa = PBXFileReference; lastKnownFileType = sourcecode.swift; path = GlobalConfig.swift; sourceTree = "<group>"; };
		7AF0D01F21ED707300D3E4C4 /* UMengLib.swift */ = {isa = PBXFileReference; lastKnownFileType = sourcecode.swift; path = UMengLib.swift; sourceTree = "<group>"; };
		9ECC6C3FE978D171326DE6FF /* Pods_ApplepieDemoTests.framework */ = {isa = PBXFileReference; explicitFileType = wrapper.framework; includeInIndex = 0; path = Pods_ApplepieDemoTests.framework; sourceTree = BUILT_PRODUCTS_DIR; };
		AAB9C5A630364B0F87DB7417 /* Pods-ApplepieDemo.debug.xcconfig */ = {isa = PBXFileReference; includeInIndex = 1; lastKnownFileType = text.xcconfig; name = "Pods-ApplepieDemo.debug.xcconfig"; path = "Target Support Files/Pods-ApplepieDemo/Pods-ApplepieDemo.debug.xcconfig"; sourceTree = "<group>"; };
		AC38186867283789C5BB010C /* Pods_ApplepieDemo.framework */ = {isa = PBXFileReference; explicitFileType = wrapper.framework; includeInIndex = 0; path = Pods_ApplepieDemo.framework; sourceTree = BUILT_PRODUCTS_DIR; };
		B461EC6AC4B1C657C9D05E46 /* Pods-ApplepieTests.debug.xcconfig */ = {isa = PBXFileReference; includeInIndex = 1; lastKnownFileType = text.xcconfig; name = "Pods-ApplepieTests.debug.xcconfig"; path = "Target Support Files/Pods-ApplepieTests/Pods-ApplepieTests.debug.xcconfig"; sourceTree = "<group>"; };
		B896009232B27E4CE72460AF /* Pods-ApplepieTests.release.xcconfig */ = {isa = PBXFileReference; includeInIndex = 1; lastKnownFileType = text.xcconfig; name = "Pods-ApplepieTests.release.xcconfig"; path = "Target Support Files/Pods-ApplepieTests/Pods-ApplepieTests.release.xcconfig"; sourceTree = "<group>"; };
		D7B9E7C9FB43C82384401CDE /* Pods-ApplepieDemo.release.xcconfig */ = {isa = PBXFileReference; includeInIndex = 1; lastKnownFileType = text.xcconfig; name = "Pods-ApplepieDemo.release.xcconfig"; path = "Target Support Files/Pods-ApplepieDemo/Pods-ApplepieDemo.release.xcconfig"; sourceTree = "<group>"; };
		F6CCA6585AD4D3748C820EF2 /* Pods_ApplepieTests.framework */ = {isa = PBXFileReference; explicitFileType = wrapper.framework; includeInIndex = 0; path = Pods_ApplepieTests.framework; sourceTree = BUILT_PRODUCTS_DIR; };
/* End PBXFileReference section */

/* Begin PBXFrameworksBuildPhase section */
		7A02DEC12182EE5D00B41DB6 /* Frameworks */ = {
			isa = PBXFrameworksBuildPhase;
			buildActionMask = 2147483647;
			files = (
				7AB5574F2223E99B00DCF393 /* UserNotifications.framework in Frameworks */,
				D4CBE10A65980404CA4EF15F /* Pods_ApplepieDemo.framework in Frameworks */,
			);
			runOnlyForDeploymentPostprocessing = 0;
		};
		7A02DED52182EE5D00B41DB6 /* Frameworks */ = {
			isa = PBXFrameworksBuildPhase;
			buildActionMask = 2147483647;
			files = (
				ECBCAA792CB2F5B34FB7C53F /* Pods_ApplepieDemoTests.framework in Frameworks */,
			);
			runOnlyForDeploymentPostprocessing = 0;
		};
		7A02DEF42182F11600B41DB6 /* Frameworks */ = {
			isa = PBXFrameworksBuildPhase;
			buildActionMask = 2147483647;
			files = (
				AC2AD690BF27451EB369D72D /* Pods_ApplepieTests.framework in Frameworks */,
			);
			runOnlyForDeploymentPostprocessing = 0;
		};
/* End PBXFrameworksBuildPhase section */

/* Begin PBXGroup section */
		5502453198D19ADDEA9EEE69 /* Pods */ = {
			isa = PBXGroup;
			children = (
				AAB9C5A630364B0F87DB7417 /* Pods-ApplepieDemo.debug.xcconfig */,
				D7B9E7C9FB43C82384401CDE /* Pods-ApplepieDemo.release.xcconfig */,
				4F18526D9D5C9AD68DA434DF /* Pods-ApplepieDemoTests.debug.xcconfig */,
				05ECED5C9265BF58187E2E9A /* Pods-ApplepieDemoTests.release.xcconfig */,
				B461EC6AC4B1C657C9D05E46 /* Pods-ApplepieTests.debug.xcconfig */,
				B896009232B27E4CE72460AF /* Pods-ApplepieTests.release.xcconfig */,
			);
			path = Pods;
			sourceTree = "<group>";
		};
		7A02DEBB2182EE5D00B41DB6 = {
			isa = PBXGroup;
			children = (
				7A02DEC62182EE5D00B41DB6 /* ApplepieDemo */,
				7AD9A03D2186B00C007BAD59 /* Resources */,
				7A02DEDB2182EE5D00B41DB6 /* ApplepieDemoTests */,
				7A02DEFD2182F11600B41DB6 /* ApplepieTests */,
				7A02DEC52182EE5D00B41DB6 /* Products */,
				E1D2FA8A5B27EF1DDA9C292F /* Frameworks */,
				5502453198D19ADDEA9EEE69 /* Pods */,
			);
			sourceTree = "<group>";
		};
		7A02DEC52182EE5D00B41DB6 /* Products */ = {
			isa = PBXGroup;
			children = (
				7A02DEC42182EE5D00B41DB6 /* ApplepieDemo.app */,
				7A02DED82182EE5D00B41DB6 /* ApplepieDemoTests.xctest */,
				7A02DEF72182F11600B41DB6 /* ApplepieTests.xctest */,
			);
			name = Products;
			sourceTree = "<group>";
		};
		7A02DEC62182EE5D00B41DB6 /* ApplepieDemo */ = {
			isa = PBXGroup;
			children = (
				7AF0CFDC21EC238C00D3E4C4 /* Config */,
				7AF0D00D21EC534800D3E4C4 /* Libs */,
				7AF0CFDD21EC239200D3E4C4 /* Schema */,
				7AF0CFF021EC240C00D3E4C4 /* Router */,
				7AF0CFDE21EC239F00D3E4C4 /* Tab */,
				7AF0D00621EC4CC500D3E4C4 /* UI */,
				7AF0D01421EC655700D3E4C4 /* Data */,
				7A02DEC72182EE5D00B41DB6 /* AppDelegate.swift */,
				7A02DEC92182EE5D00B41DB6 /* ViewController.swift */,
				7A02DECB2182EE5D00B41DB6 /* Main.storyboard */,
				7A02DECE2182EE5D00B41DB6 /* Assets.xcassets */,
				7A02DED02182EE5D00B41DB6 /* LaunchScreen.storyboard */,
				7A02DED32182EE5D00B41DB6 /* Info.plist */,
				7A0BE4FF21C254C2000748D5 /* ViewControllerNib.xib */,
				7A0BE50121C2598D000748D5 /* ViewControllerNib.swift */,
				7AF0D01921EC776000D3E4C4 /* ApplepieDemo-Bridging-Header.h */,
			);
			path = ApplepieDemo;
			sourceTree = "<group>";
		};
		7A02DEDB2182EE5D00B41DB6 /* ApplepieDemoTests */ = {
			isa = PBXGroup;
			children = (
				7A02DEDC2182EE5D00B41DB6 /* ApplepieDemoTests.swift */,
				7A02DEDE2182EE5D00B41DB6 /* Info.plist */,
			);
			path = ApplepieDemoTests;
			sourceTree = "<group>";
		};
		7A02DEFD2182F11600B41DB6 /* ApplepieTests */ = {
			isa = PBXGroup;
			children = (
				7A0E271A21956447001FE212 /* BaseTestCase.swift */,
				7AC5D1282193D36F006ABC48 /* UI */,
				7AB71B7021918A7200D41919 /* Extension */,
				7AD9A0352182FE37007BAD59 /* Data */,
				7A02DF002182F11600B41DB6 /* Info.plist */,
			);
			path = ApplepieTests;
			sourceTree = "<group>";
		};
		7A048CB9223F7CBF00BF1DA5 /* CoreML */ = {
			isa = PBXGroup;
			children = (
				7A048CBC223F7CCE00BF1DA5 /* Repository */,
				7A048CBB223F7CC900BF1DA5 /* ViewModel */,
				7A048CBA223F7CC500BF1DA5 /* View */,
			);
			path = CoreML;
			sourceTree = "<group>";
		};
		7A048CBA223F7CC500BF1DA5 /* View */ = {
			isa = PBXGroup;
			children = (
				7A048CBD223F7CEC00BF1DA5 /* DetectFromImageViewController.swift */,
				7A048CBE223F7CEC00BF1DA5 /* DetectFromImageViewController.xib */,
				7A048CC3223F8DB100BF1DA5 /* RecognizFromCameraViewController.swift */,
				7A048CC4223F8DB100BF1DA5 /* RecognizFromCameraViewController.xib */,
			);
			path = View;
			sourceTree = "<group>";
		};
		7A048CBB223F7CC900BF1DA5 /* ViewModel */ = {
			isa = PBXGroup;
			children = (
			);
			path = ViewModel;
			sourceTree = "<group>";
		};
		7A048CBC223F7CCE00BF1DA5 /* Repository */ = {
			isa = PBXGroup;
			children = (
				7A048CC1223F8D3500BF1DA5 /* ObjectDetector.mlmodel */,
			);
			path = Repository;
			sourceTree = "<group>";
		};
		7A0BE50321C25ED6000748D5 /* Router */ = {
			isa = PBXGroup;
			children = (
				7A0BE50421C25EE8000748D5 /* APRouterTests.swift */,
			);
			path = Router;
			sourceTree = "<group>";
		};
		7A0E27162195638E001FE212 /* Images */ = {
			isa = PBXGroup;
			children = (
				7A0E2717219563A3001FE212 /* rainbow.jpg */,
			);
			path = Images;
			sourceTree = "<group>";
		};
		7A34D58121B8D03C0041E5D5 /* Local */ = {
			isa = PBXGroup;
			children = (
				7A34D59221BA0A080041E5D5 /* APKeychainTests.swift */,
				7A34D58421B8D40A0041E5D5 /* APPinCacheTests.swift */,
				7A34D58821B8FC410041E5D5 /* APUserDefaultsTests.swift */,
			);
			path = Local;
			sourceTree = "<group>";
		};
		7A34D58D21B9060D0041E5D5 /* Device */ = {
			isa = PBXGroup;
			children = (
				7A34D58E21B906190041E5D5 /* APDeviceTests.swift */,
			);
			path = Device;
			sourceTree = "<group>";
		};
		7A4CCF04218C653B00636A8E /* Network */ = {
			isa = PBXGroup;
			children = (
				7AC5D1352193E12D006ABC48 /* APErrorTests.swift */,
				7A0E271F21958A42001FE212 /* APNetApiOtherTests.swift */,
				7A4CCF05218C655C00636A8E /* APNetApiRequestTests.swift */,
				7A0E271D21957F48001FE212 /* APNetApiResponseTests.swift */,
				7A0E271221953316001FE212 /* APNetApiToModelTests.swift */,
				7A0E271421955F63001FE212 /* APNetApiUploadTests.swift */,
				7AC5D13721942914006ABC48 /* APNetIndicatorClientTests.swift */,
				7AC936A221B7A0E40022EAC4 /* APPNetApiPromiseTests.swift */,
				7AC5D13921942941006ABC48 /* TestNetApi.swift */,
			);
			path = Network;
			sourceTree = "<group>";
		};
		7A80DE7521EECDE9003C3D8F /* Button */ = {
			isa = PBXGroup;
			children = (
				7A80DE7621EECDFB003C3D8F /* APSendCodeButtonTests.swift */,
			);
			path = Button;
			sourceTree = "<group>";
		};
		7A80DE7821EED46E003C3D8F /* Schema */ = {
			isa = PBXGroup;
			children = (
				7A80DE7E21EED9BE003C3D8F /* View */,
				7A80DE7921EED4C4003C3D8F /* ViewModel */,
			);
			path = Schema;
			sourceTree = "<group>";
		};
		7A80DE7921EED4C4003C3D8F /* ViewModel */ = {
			isa = PBXGroup;
			children = (
				7A80DE7A21EED4DB003C3D8F /* APBaseViewModelTests.swift */,
				7A80DE7C21EED6ED003C3D8F /* APBaseListViewModelTests.swift */,
			);
			path = ViewModel;
			sourceTree = "<group>";
		};
		7A80DE7E21EED9BE003C3D8F /* View */ = {
			isa = PBXGroup;
			children = (
				7A80DE8221EEF8C5003C3D8F /* APBaseViewControllerTests.swift */,
				7A80DE8421EEFCAC003C3D8F /* APBaseListViewControllerTests.swift */,
				7A80DE8621EEFE5E003C3D8F /* APBaseWebViewController.swift */,
				7A80DE7F21EED9C1003C3D8F /* WebView */,
			);
			path = View;
			sourceTree = "<group>";
		};
		7A80DE7F21EED9C1003C3D8F /* WebView */ = {
			isa = PBXGroup;
			children = (
				7A80DE8021EED9D1003C3D8F /* APWKWebViewTests.swift */,
			);
			path = WebView;
			sourceTree = "<group>";
		};
		7A80DE8E21EF0739003C3D8F /* Validate */ = {
			isa = PBXGroup;
			children = (
				7A80DE8F21EF074C003C3D8F /* APValidatorTests.swift */,
			);
			path = Validate;
			sourceTree = "<group>";
		};
		7A80DE9121EF08AD003C3D8F /* Reflector */ = {
			isa = PBXGroup;
			children = (
				7A80DE9221EF08DF003C3D8F /* SwiftReflectionToolTests.swift */,
			);
			path = Reflector;
			sourceTree = "<group>";
		};
		7A8482D821BF4AE200CFC910 /* Location */ = {
			isa = PBXGroup;
			children = (
				7A8482D921BF4AF600CFC910 /* APLocationTests.swift */,
			);
			path = Location;
			sourceTree = "<group>";
		};
		7A97733E21AC3FFB00E79893 /* GCD */ = {
			isa = PBXGroup;
			children = (
				7A97733F21AC403E00E79893 /* APGCDTests.swift */,
				7AD42DC52201B1A400AD8645 /* APRepeatingTimerTests.swift */,
			);
			path = GCD;
			sourceTree = "<group>";
		};
		7AB71B7021918A7200D41919 /* Extension */ = {
			isa = PBXGroup;
			children = (
				7A41803D21927B2A00C6BBD0 /* ConvertorTests.swift */,
				7AB71B7121918A9500D41919 /* DictionaryExTests.swift */,
				7A0BE4FD21C2456C000748D5 /* NSObjectExTests.swift */,
				7A41803F21927C4D00C6BBD0 /* OperatorTests.swift */,
				7AB71B7321918D4D00D41919 /* StringExTests.swift */,
				7A0BE4FB21C24558000748D5 /* UIViewControllerExTests.swift */,
				7A80DE8821EEFF40003C3D8F /* UIColorHexTests.swift */,
				7A80DE8A21EF045E003C3D8F /* UIColorExTests.swift */,
				7A80DE8C21EF05A7003C3D8F /* DateExTests.swift */,
				7A80DE9821EF1757003C3D8F /* BundleResourceTests.swift */,
			);
			path = Extension;
			sourceTree = "<group>";
		};
		7ABF7BFC21C0DD6F00049632 /* Auth */ = {
			isa = PBXGroup;
			children = (
				7ABF7BFD21C0DD8C00049632 /* APBiometricsTests.swift */,
			);
			path = Auth;
			sourceTree = "<group>";
		};
		7AC5D1282193D36F006ABC48 /* UI */ = {
			isa = PBXGroup;
			children = (
				7A80DE7821EED46E003C3D8F /* Schema */,
				7A0BE50321C25ED6000748D5 /* Router */,
				7AC5D1292193D376006ABC48 /* View */,
			);
			path = UI;
			sourceTree = "<group>";
		};
		7AC5D1292193D376006ABC48 /* View */ = {
			isa = PBXGroup;
			children = (
				7A80DE7521EECDE9003C3D8F /* Button */,
				7AC5D12A2193D37B006ABC48 /* Indicator */,
			);
			path = View;
			sourceTree = "<group>";
		};
		7AC5D12A2193D37B006ABC48 /* Indicator */ = {
			isa = PBXGroup;
			children = (
				7AC5D12B2193D38A006ABC48 /* APIndicatorTests.swift */,
			);
			path = Indicator;
			sourceTree = "<group>";
		};
		7AD42D2022002C3E00AD8645 /* Html */ = {
			isa = PBXGroup;
			children = (
				7AD42D2122002C4C00AD8645 /* webview_bridge.html */,
				7AD42D2522002FF500AD8645 /* webview_simple.html */,
			);
			path = Html;
			sourceTree = "<group>";
		};
		7AD42D6122003D4000AD8645 /* ListView */ = {
			isa = PBXGroup;
			children = (
				7AD42D6222003D4600AD8645 /* View */,
				7AD42D6722003DAD00AD8645 /* ViewModel */,
				7AD42D6822003DB500AD8645 /* Repository */,
			);
			path = ListView;
			sourceTree = "<group>";
		};
		7AD42D6222003D4600AD8645 /* View */ = {
			isa = PBXGroup;
			children = (
				7AD42D6322003D8100AD8645 /* ListTypeViewController.swift */,
				7AD42D6422003D8100AD8645 /* ListTypeViewController.xib */,
			);
			path = View;
			sourceTree = "<group>";
		};
		7AD42D6722003DAD00AD8645 /* ViewModel */ = {
			isa = PBXGroup;
			children = (
				7AD42D6922003E2700AD8645 /* ListTypeViewModel.swift */,
			);
			path = ViewModel;
			sourceTree = "<group>";
		};
		7AD42D6822003DB500AD8645 /* Repository */ = {
			isa = PBXGroup;
			children = (
				7AD42D6B22003E3900AD8645 /* ListTypeRepository.swift */,
			);
			path = Repository;
			sourceTree = "<group>";
		};
		7AD42D6D22004E5000AD8645 /* IndicatorView */ = {
			isa = PBXGroup;
			children = (
				7AD42D6E22004E5900AD8645 /* View */,
				7AD42D7422004EE300AD8645 /* ViewModel */,
				7AD42D7322004EDD00AD8645 /* Repository */,
			);
			path = IndicatorView;
			sourceTree = "<group>";
		};
		7AD42D6E22004E5900AD8645 /* View */ = {
			isa = PBXGroup;
			children = (
				7AD42D6F22004E7400AD8645 /* IndicatorViewController.swift */,
				7AD42D7022004E7400AD8645 /* IndicatorViewController.xib */,
			);
			path = View;
			sourceTree = "<group>";
		};
		7AD42D7322004EDD00AD8645 /* Repository */ = {
			isa = PBXGroup;
			children = (
				7AD42D7722004F0600AD8645 /* IndicatorRepository.swift */,
			);
			path = Repository;
			sourceTree = "<group>";
		};
		7AD42D7422004EE300AD8645 /* ViewModel */ = {
			isa = PBXGroup;
			children = (
				7AD42D7522004EF800AD8645 /* IndicatorViewModel.swift */,
			);
			path = ViewModel;
			sourceTree = "<group>";
		};
		7AD42D7D220148EF00AD8645 /* Network */ = {
			isa = PBXGroup;
			children = (
				7AD42D8D220154FB00AD8645 /* Data */,
				7AD42D80220148FF00AD8645 /* View */,
				7AD42D7F220148FA00AD8645 /* ViewModel */,
				7AD42D7E220148F400AD8645 /* Repository */,
			);
			path = Network;
			sourceTree = "<group>";
		};
		7AD42D7E220148F400AD8645 /* Repository */ = {
			isa = PBXGroup;
			children = (
				7AD42D872201493A00AD8645 /* NetworkRepository.swift */,
			);
			path = Repository;
			sourceTree = "<group>";
		};
		7AD42D7F220148FA00AD8645 /* ViewModel */ = {
			isa = PBXGroup;
			children = (
				7AD42D852201492B00AD8645 /* NetworkViewModel.swift */,
			);
			path = ViewModel;
			sourceTree = "<group>";
		};
		7AD42D80220148FF00AD8645 /* View */ = {
			isa = PBXGroup;
			children = (
				7AD42D812201491D00AD8645 /* NetworkViewController.swift */,
				7AD42D8B22014B9700AD8645 /* NetworkDetailViewController.swift */,
				7AD42D8922014B3F00AD8645 /* Network.storyboard */,
			);
			path = View;
			sourceTree = "<group>";
		};
		7AD42D8D220154FB00AD8645 /* Data */ = {
			isa = PBXGroup;
			children = (
				7AD42D8E2201554200AD8645 /* NetworkApi.swift */,
			);
			path = Data;
			sourceTree = "<group>";
		};
		7AD42D9122017D7F00AD8645 /* Cache */ = {
			isa = PBXGroup;
			children = (
				7AD42DA022017E4700AD8645 /* View */,
				7AD42DA322017E4800AD8645 /* ViewModel */,
				7AD42DA522017E4800AD8645 /* Repository */,
			);
			path = Cache;
			sourceTree = "<group>";
		};
		7AD42DA022017E4700AD8645 /* View */ = {
			isa = PBXGroup;
			children = (
				7AD42DA222017E4700AD8645 /* CacheViewController.swift */,
				7AD42DA122017E4700AD8645 /* CacheViewController.xib */,
			);
			path = View;
			sourceTree = "<group>";
		};
		7AD42DA322017E4800AD8645 /* ViewModel */ = {
			isa = PBXGroup;
			children = (
				7AD42DA422017E4800AD8645 /* CacheViewModel.swift */,
			);
			path = ViewModel;
			sourceTree = "<group>";
		};
		7AD42DA522017E4800AD8645 /* Repository */ = {
			isa = PBXGroup;
			children = (
				7AD42DA622017E4800AD8645 /* CacheRepository.swift */,
			);
			path = Repository;
			sourceTree = "<group>";
		};
		7AD42DAB22018E9700AD8645 /* Device */ = {
			isa = PBXGroup;
			children = (
				7AD42DAE22018EB600AD8645 /* View */,
				7AD42DAD22018EB100AD8645 /* ViewModel */,
				7AD42DAC22018EAA00AD8645 /* Repository */,
			);
			path = Device;
			sourceTree = "<group>";
		};
		7AD42DAC22018EAA00AD8645 /* Repository */ = {
			isa = PBXGroup;
			children = (
				7AD42DB722018F0900AD8645 /* DeviceInfoRepository.swift */,
			);
			path = Repository;
			sourceTree = "<group>";
		};
		7AD42DAD22018EB100AD8645 /* ViewModel */ = {
			isa = PBXGroup;
			children = (
				7AD42DB522018EF500AD8645 /* DeviceInfoViewModel.swift */,
			);
			path = ViewModel;
			sourceTree = "<group>";
		};
		7AD42DAE22018EB600AD8645 /* View */ = {
			isa = PBXGroup;
			children = (
				7AD42DB122018EE400AD8645 /* DeviceInfoViewController.swift */,
				7AD42DB222018EE400AD8645 /* DeviceInfoViewController.xib */,
			);
			path = View;
			sourceTree = "<group>";
		};
		7AD42DB92201950400AD8645 /* Location */ = {
			isa = PBXGroup;
			children = (
				7AD42DBC2201952000AD8645 /* View */,
				7AD42DBB2201951B00AD8645 /* ViewModel */,
				7AD42DBA2201951600AD8645 /* Repository */,
			);
			path = Location;
			sourceTree = "<group>";
		};
		7AD42DBA2201951600AD8645 /* Repository */ = {
			isa = PBXGroup;
			children = (
				7AD42DBD2201954B00AD8645 /* LocationRepository.swift */,
			);
			path = Repository;
			sourceTree = "<group>";
		};
		7AD42DBB2201951B00AD8645 /* ViewModel */ = {
			isa = PBXGroup;
			children = (
				7AD42DBF220195AA00AD8645 /* LocationViewModel.swift */,
			);
			path = ViewModel;
			sourceTree = "<group>";
		};
		7AD42DBC2201952000AD8645 /* View */ = {
			isa = PBXGroup;
			children = (
				7AD42DC1220195BD00AD8645 /* LocationViewController.swift */,
				7AD42DC2220195BD00AD8645 /* LocationViewController.xib */,
			);
			path = View;
			sourceTree = "<group>";
		};
		7AD9A0352182FE37007BAD59 /* Data */ = {
			isa = PBXGroup;
			children = (
				7A80DE9121EF08AD003C3D8F /* Reflector */,
				7A80DE8E21EF0739003C3D8F /* Validate */,
				7ABF7BFC21C0DD6F00049632 /* Auth */,
				7A34D58D21B9060D0041E5D5 /* Device */,
				7AD9A0362182FE4A007BAD59 /* Encrypt */,
				7A97733E21AC3FFB00E79893 /* GCD */,
				7A34D58121B8D03C0041E5D5 /* Local */,
				7A8482D821BF4AE200CFC910 /* Location */,
				7A4CCF04218C653B00636A8E /* Network */,
			);
			path = Data;
			sourceTree = "<group>";
		};
		7AD9A0362182FE4A007BAD59 /* Encrypt */ = {
			isa = PBXGroup;
			children = (
				7AD9A0372182FE61007BAD59 /* StringCryptoTests.swift */,
			);
			path = Encrypt;
			sourceTree = "<group>";
		};
		7AD9A03D2186B00C007BAD59 /* Resources */ = {
			isa = PBXGroup;
			children = (
				7AD42D2022002C3E00AD8645 /* Html */,
				7A0E27162195638E001FE212 /* Images */,
				7AC5D1342193E030006ABC48 /* README.md */,
			);
			path = Resources;
			sourceTree = "<group>";
		};
		7AF0CFDC21EC238C00D3E4C4 /* Config */ = {
			isa = PBXGroup;
			children = (
				7AF0D01D21ED6F2F00D3E4C4 /* GlobalConfig.swift */,
			);
			path = Config;
			sourceTree = "<group>";
		};
		7AF0CFDD21EC239200D3E4C4 /* Schema */ = {
			isa = PBXGroup;
			children = (
				7AF0CFEF21EC23E100D3E4C4 /* View */,
				7AF0CFEE21EC23DC00D3E4C4 /* ViewModel */,
				7AF0CFED21EC23D400D3E4C4 /* Repository */,
			);
			path = Schema;
			sourceTree = "<group>";
		};
		7AF0CFDE21EC239F00D3E4C4 /* Tab */ = {
			isa = PBXGroup;
			children = (
				7AF0CFF321EC244200D3E4C4 /* View */,
				7AF0CFF421EC244E00D3E4C4 /* ViewModel */,
				7AF0CFF521EC245300D3E4C4 /* Repository */,
			);
			path = Tab;
			sourceTree = "<group>";
		};
		7AF0CFED21EC23D400D3E4C4 /* Repository */ = {
			isa = PBXGroup;
			children = (
				7AF0CFDF21EC23C300D3E4C4 /* BaseRepository.swift */,
			);
			path = Repository;
			sourceTree = "<group>";
		};
		7AF0CFEE21EC23DC00D3E4C4 /* ViewModel */ = {
			isa = PBXGroup;
			children = (
				7AF0CFE021EC23C300D3E4C4 /* BaseViewModel.swift */,
				7AF0CFE321EC23C300D3E4C4 /* BaseListViewModel.swift */,
			);
			path = ViewModel;
			sourceTree = "<group>";
		};
		7AF0CFEF21EC23E100D3E4C4 /* View */ = {
			isa = PBXGroup;
			children = (
				7AF0CFE221EC23C300D3E4C4 /* BaseViewController.swift */,
				7AF0CFE121EC23C300D3E4C4 /* BaseListViewController.swift */,
				7AF0CFE521EC23C300D3E4C4 /* BaseWebViewController.swift */,
				7AF0CFE421EC23C300D3E4C4 /* BaseWebViewController.xib */,
			);
			path = View;
			sourceTree = "<group>";
		};
		7AF0CFF021EC240C00D3E4C4 /* Router */ = {
			isa = PBXGroup;
			children = (
				7AF0CFF121EC242800D3E4C4 /* Router.swift */,
			);
			path = Router;
			sourceTree = "<group>";
		};
		7AF0CFF321EC244200D3E4C4 /* View */ = {
			isa = PBXGroup;
			children = (
				7AF0CFF821EC261300D3E4C4 /* HomeViewController.swift */,
				7AF0CFF621EC260400D3E4C4 /* UIComponentViewController.swift */,
				7AF0D01221EC5BCA00D3E4C4 /* DataViewController.swift */,
				7AF0CFFE21EC2EF400D3E4C4 /* MenuListViewController.swift */,
			);
			path = View;
			sourceTree = "<group>";
		};
		7AF0CFF421EC244E00D3E4C4 /* ViewModel */ = {
			isa = PBXGroup;
			children = (
				7AF0D00021EC2F0600D3E4C4 /* MenuListViewModel.swift */,
			);
			path = ViewModel;
			sourceTree = "<group>";
		};
		7AF0CFF521EC245300D3E4C4 /* Repository */ = {
			isa = PBXGroup;
			children = (
				7AF0D00221EC2F1A00D3E4C4 /* MenuListRepository.swift */,
			);
			path = Repository;
			sourceTree = "<group>";
		};
		7AF0D00621EC4CC500D3E4C4 /* UI */ = {
			isa = PBXGroup;
			children = (
				7AD42D6D22004E5000AD8645 /* IndicatorView */,
				7AD42D6122003D4000AD8645 /* ListView */,
				7AF0D00721EC4CD500D3E4C4 /* WebView */,
			);
			path = UI;
			sourceTree = "<group>";
		};
		7AF0D00721EC4CD500D3E4C4 /* WebView */ = {
			isa = PBXGroup;
			children = (
				7AF0D00821EC4CE300D3E4C4 /* View */,
			);
			path = WebView;
			sourceTree = "<group>";
		};
		7AF0D00821EC4CE300D3E4C4 /* View */ = {
			isa = PBXGroup;
			children = (
				7AD42D492200324D00AD8645 /* SimpleWebViewController.swift */,
				7AD42D2322002F0300AD8645 /* WebBridgeViewController.swift */,
				7AD42D4C2200339400AD8645 /* SimpleWebViewController.xib */,
				7AD42D4E220033C800AD8645 /* WebBridgeViewController.xib */,
			);
			path = View;
			sourceTree = "<group>";
		};
		7AF0D00D21EC534800D3E4C4 /* Libs */ = {
			isa = PBXGroup;
			children = (
				7AF0D00E21EC541900D3E4C4 /* DoraemonLib.swift */,
				7AF0CFBA21EC1DCD00D3E4C4 /* LumberjackLib.swift */,
				7AF0D01F21ED707300D3E4C4 /* UMengLib.swift */,
			);
			path = Libs;
			sourceTree = "<group>";
		};
		7AF0D01421EC655700D3E4C4 /* Data */ = {
			isa = PBXGroup;
			children = (
				7A048CB9223F7CBF00BF1DA5 /* CoreML */,
				7AD42D7D220148EF00AD8645 /* Network */,
				7AD42D9122017D7F00AD8645 /* Cache */,
				7AD42DAB22018E9700AD8645 /* Device */,
				7AD42DB92201950400AD8645 /* Location */,
				7AF0D01721EC773600D3E4C4 /* Crash */,
			);
			path = Data;
			sourceTree = "<group>";
		};
		7AF0D01721EC773600D3E4C4 /* Crash */ = {
			isa = PBXGroup;
			children = (
				7AF0D01821EC773F00D3E4C4 /* Objc */,
			);
			path = Crash;
			sourceTree = "<group>";
		};
		7AF0D01821EC773F00D3E4C4 /* Objc */ = {
			isa = PBXGroup;
			children = (
				7AF0D01C21EC778D00D3E4C4 /* CrashFunction.h */,
				7AF0D01A21EC776100D3E4C4 /* CrashFunction.m */,
			);
			path = Objc;
			sourceTree = "<group>";
		};
		E1D2FA8A5B27EF1DDA9C292F /* Frameworks */ = {
			isa = PBXGroup;
			children = (
				7AB5574E2223E99A00DCF393 /* UserNotifications.framework */,
				7AD9A0412186E7C6007BAD59 /* CryptoSwift.framework */,
				AC38186867283789C5BB010C /* Pods_ApplepieDemo.framework */,
				9ECC6C3FE978D171326DE6FF /* Pods_ApplepieDemoTests.framework */,
				F6CCA6585AD4D3748C820EF2 /* Pods_ApplepieTests.framework */,
			);
			name = Frameworks;
			sourceTree = "<group>";
		};
/* End PBXGroup section */

/* Begin PBXNativeTarget section */
		7A02DEC32182EE5D00B41DB6 /* ApplepieDemo */ = {
			isa = PBXNativeTarget;
			buildConfigurationList = 7A02DEE12182EE5D00B41DB6 /* Build configuration list for PBXNativeTarget "ApplepieDemo" */;
			buildPhases = (
				F6E71D4DB5550EEC458A8F0C /* [CP] Check Pods Manifest.lock */,
				7A02DEC02182EE5D00B41DB6 /* Sources */,
				7A02DEC12182EE5D00B41DB6 /* Frameworks */,
				7A02DEC22182EE5D00B41DB6 /* Resources */,
				7A02DF092182F11600B41DB6 /* Embed Frameworks */,
				2E97B7051EC596DED49AF671 /* [CP] Embed Pods Frameworks */,
				B9547C35D4CE15E510B3C23F /* [CP] Copy Pods Resources */,
			);
			buildRules = (
			);
			dependencies = (
			);
			name = ApplepieDemo;
			productName = ApplepieDemo;
			productReference = 7A02DEC42182EE5D00B41DB6 /* ApplepieDemo.app */;
			productType = "com.apple.product-type.application";
		};
		7A02DED72182EE5D00B41DB6 /* ApplepieDemoTests */ = {
			isa = PBXNativeTarget;
			buildConfigurationList = 7A02DEE42182EE5D00B41DB6 /* Build configuration list for PBXNativeTarget "ApplepieDemoTests" */;
			buildPhases = (
				3F82A6E0D236EAA6AA9DA1A4 /* [CP] Check Pods Manifest.lock */,
				7A02DED42182EE5D00B41DB6 /* Sources */,
				7A02DED52182EE5D00B41DB6 /* Frameworks */,
				7A02DED62182EE5D00B41DB6 /* Resources */,
			);
			buildRules = (
			);
			dependencies = (
				7A02DEDA2182EE5D00B41DB6 /* PBXTargetDependency */,
			);
			name = ApplepieDemoTests;
			productName = ApplepieDemoTests;
			productReference = 7A02DED82182EE5D00B41DB6 /* ApplepieDemoTests.xctest */;
			productType = "com.apple.product-type.bundle.unit-test";
		};
		7A02DEF62182F11600B41DB6 /* ApplepieTests */ = {
			isa = PBXNativeTarget;
			buildConfigurationList = 7A02DF0A2182F11600B41DB6 /* Build configuration list for PBXNativeTarget "ApplepieTests" */;
			buildPhases = (
				ED284676D65D973A878EDFC8 /* [CP] Check Pods Manifest.lock */,
				7A02DEF32182F11600B41DB6 /* Sources */,
				7A02DEF42182F11600B41DB6 /* Frameworks */,
				7A02DEF52182F11600B41DB6 /* Resources */,
			);
			buildRules = (
			);
			dependencies = (
				7AD9A03A2183019F007BAD59 /* PBXTargetDependency */,
			);
			name = ApplepieTests;
			productName = ApplepieTests;
			productReference = 7A02DEF72182F11600B41DB6 /* ApplepieTests.xctest */;
			productType = "com.apple.product-type.bundle.unit-test";
		};
/* End PBXNativeTarget section */

/* Begin PBXProject section */
		7A02DEBC2182EE5D00B41DB6 /* Project object */ = {
			isa = PBXProject;
			attributes = {
				LastSwiftUpdateCheck = 1000;
				LastUpgradeCheck = 1010;
				ORGANIZATIONNAME = "山天大畜";
				TargetAttributes = {
					7A02DEC32182EE5D00B41DB6 = {
						CreatedOnToolsVersion = 10.0;
						LastSwiftMigration = 1010;
						SystemCapabilities = {
							com.apple.BackgroundModes = {
								enabled = 1;
							};
						};
					};
					7A02DED72182EE5D00B41DB6 = {
						CreatedOnToolsVersion = 10.0;
						TestTargetID = 7A02DEC32182EE5D00B41DB6;
					};
					7A02DEF62182F11600B41DB6 = {
						CreatedOnToolsVersion = 10.0;
						TestTargetID = 7A02DEC32182EE5D00B41DB6;
					};
				};
			};
			buildConfigurationList = 7A02DEBF2182EE5D00B41DB6 /* Build configuration list for PBXProject "ApplepieDemo" */;
			compatibilityVersion = "Xcode 9.3";
			developmentRegion = en;
			hasScannedForEncodings = 0;
			knownRegions = (
				en,
				Base,
			);
			mainGroup = 7A02DEBB2182EE5D00B41DB6;
			productRefGroup = 7A02DEC52182EE5D00B41DB6 /* Products */;
			projectDirPath = "";
			projectRoot = "";
			targets = (
				7A02DEC32182EE5D00B41DB6 /* ApplepieDemo */,
				7A02DED72182EE5D00B41DB6 /* ApplepieDemoTests */,
				7A02DEF62182F11600B41DB6 /* ApplepieTests */,
			);
		};
/* End PBXProject section */

/* Begin PBXResourcesBuildPhase section */
		7A02DEC22182EE5D00B41DB6 /* Resources */ = {
			isa = PBXResourcesBuildPhase;
			buildActionMask = 2147483647;
			files = (
				7A02DED22182EE5D00B41DB6 /* LaunchScreen.storyboard in Resources */,
				7A02DECF2182EE5D00B41DB6 /* Assets.xcassets in Resources */,
				7AD42D2622002FF500AD8645 /* webview_simple.html in Resources */,
				7AD42DA722017E4800AD8645 /* CacheViewController.xib in Resources */,
				7AD42D6622003D8100AD8645 /* ListTypeViewController.xib in Resources */,
				7AD42D7222004E7400AD8645 /* IndicatorViewController.xib in Resources */,
				7AD42D4D2200339400AD8645 /* SimpleWebViewController.xib in Resources */,
				7A048CC0223F7CEC00BF1DA5 /* DetectFromImageViewController.xib in Resources */,
				7AD42D4B220032AB00AD8645 /* webview_bridge.html in Resources */,
				7A048CC6223F8DB100BF1DA5 /* RecognizFromCameraViewController.xib in Resources */,
				7AD42DB422018EE400AD8645 /* DeviceInfoViewController.xib in Resources */,
				7AF0CFEB21EC23C300D3E4C4 /* BaseWebViewController.xib in Resources */,
				7AD42DC4220195BD00AD8645 /* LocationViewController.xib in Resources */,
				7AD42D8A22014B3F00AD8645 /* Network.storyboard in Resources */,
				7AD42D4F220033C800AD8645 /* WebBridgeViewController.xib in Resources */,
				7AD42D90220167AB00AD8645 /* rainbow.jpg in Resources */,
				7A0BE50021C254C2000748D5 /* ViewControllerNib.xib in Resources */,
				7A02DECD2182EE5D00B41DB6 /* Main.storyboard in Resources */,
			);
			runOnlyForDeploymentPostprocessing = 0;
		};
		7A02DED62182EE5D00B41DB6 /* Resources */ = {
			isa = PBXResourcesBuildPhase;
			buildActionMask = 2147483647;
			files = (
				7A0E2719219563A3001FE212 /* rainbow.jpg in Resources */,
			);
			runOnlyForDeploymentPostprocessing = 0;
		};
		7A02DEF52182F11600B41DB6 /* Resources */ = {
			isa = PBXResourcesBuildPhase;
			buildActionMask = 2147483647;
			files = (
				7A0E271C219568A7001FE212 /* rainbow.jpg in Resources */,
			);
			runOnlyForDeploymentPostprocessing = 0;
		};
/* End PBXResourcesBuildPhase section */

/* Begin PBXShellScriptBuildPhase section */
		2E97B7051EC596DED49AF671 /* [CP] Embed Pods Frameworks */ = {
			isa = PBXShellScriptBuildPhase;
			buildActionMask = 2147483647;
			files = (
			);
			inputFileListPaths = (
				"${PODS_ROOT}/Target Support Files/Pods-ApplepieDemo/Pods-ApplepieDemo-frameworks-${CONFIGURATION}-input-files.xcfilelist",
			);
			name = "[CP] Embed Pods Frameworks";
			outputFileListPaths = (
				"${PODS_ROOT}/Target Support Files/Pods-ApplepieDemo/Pods-ApplepieDemo-frameworks-${CONFIGURATION}-output-files.xcfilelist",
			);
			runOnlyForDeploymentPostprocessing = 0;
			shellPath = /bin/sh;
			shellScript = "\"${PODS_ROOT}/Target Support Files/Pods-ApplepieDemo/Pods-ApplepieDemo-frameworks.sh\"\n";
			showEnvVarsInLog = 0;
		};
		3F82A6E0D236EAA6AA9DA1A4 /* [CP] Check Pods Manifest.lock */ = {
			isa = PBXShellScriptBuildPhase;
			buildActionMask = 2147483647;
			files = (
			);
			inputFileListPaths = (
			);
			inputPaths = (
				"${PODS_PODFILE_DIR_PATH}/Podfile.lock",
				"${PODS_ROOT}/Manifest.lock",
			);
			name = "[CP] Check Pods Manifest.lock";
			outputFileListPaths = (
			);
			outputPaths = (
				"$(DERIVED_FILE_DIR)/Pods-ApplepieDemoTests-checkManifestLockResult.txt",
			);
			runOnlyForDeploymentPostprocessing = 0;
			shellPath = /bin/sh;
			shellScript = "diff \"${PODS_PODFILE_DIR_PATH}/Podfile.lock\" \"${PODS_ROOT}/Manifest.lock\" > /dev/null\nif [ $? != 0 ] ; then\n    # print error to STDERR\n    echo \"error: The sandbox is not in sync with the Podfile.lock. Run 'pod install' or update your CocoaPods installation.\" >&2\n    exit 1\nfi\n# This output is used by Xcode 'outputs' to avoid re-running this script phase.\necho \"SUCCESS\" > \"${SCRIPT_OUTPUT_FILE_0}\"\n";
			showEnvVarsInLog = 0;
		};
		B9547C35D4CE15E510B3C23F /* [CP] Copy Pods Resources */ = {
			isa = PBXShellScriptBuildPhase;
			buildActionMask = 2147483647;
			files = (
			);
			inputFileListPaths = (
				"${PODS_ROOT}/Target Support Files/Pods-ApplepieDemo/Pods-ApplepieDemo-resources-${CONFIGURATION}-input-files.xcfilelist",
			);
			name = "[CP] Copy Pods Resources";
			outputFileListPaths = (
				"${PODS_ROOT}/Target Support Files/Pods-ApplepieDemo/Pods-ApplepieDemo-resources-${CONFIGURATION}-output-files.xcfilelist",
			);
			runOnlyForDeploymentPostprocessing = 0;
			shellPath = /bin/sh;
			shellScript = "\"${PODS_ROOT}/Target Support Files/Pods-ApplepieDemo/Pods-ApplepieDemo-resources.sh\"\n";
			showEnvVarsInLog = 0;
		};
		ED284676D65D973A878EDFC8 /* [CP] Check Pods Manifest.lock */ = {
			isa = PBXShellScriptBuildPhase;
			buildActionMask = 2147483647;
			files = (
			);
			inputFileListPaths = (
			);
			inputPaths = (
				"${PODS_PODFILE_DIR_PATH}/Podfile.lock",
				"${PODS_ROOT}/Manifest.lock",
			);
			name = "[CP] Check Pods Manifest.lock";
			outputFileListPaths = (
			);
			outputPaths = (
				"$(DERIVED_FILE_DIR)/Pods-ApplepieTests-checkManifestLockResult.txt",
			);
			runOnlyForDeploymentPostprocessing = 0;
			shellPath = /bin/sh;
			shellScript = "diff \"${PODS_PODFILE_DIR_PATH}/Podfile.lock\" \"${PODS_ROOT}/Manifest.lock\" > /dev/null\nif [ $? != 0 ] ; then\n    # print error to STDERR\n    echo \"error: The sandbox is not in sync with the Podfile.lock. Run 'pod install' or update your CocoaPods installation.\" >&2\n    exit 1\nfi\n# This output is used by Xcode 'outputs' to avoid re-running this script phase.\necho \"SUCCESS\" > \"${SCRIPT_OUTPUT_FILE_0}\"\n";
			showEnvVarsInLog = 0;
		};
		F6E71D4DB5550EEC458A8F0C /* [CP] Check Pods Manifest.lock */ = {
			isa = PBXShellScriptBuildPhase;
			buildActionMask = 2147483647;
			files = (
			);
			inputFileListPaths = (
			);
			inputPaths = (
				"${PODS_PODFILE_DIR_PATH}/Podfile.lock",
				"${PODS_ROOT}/Manifest.lock",
			);
			name = "[CP] Check Pods Manifest.lock";
			outputFileListPaths = (
			);
			outputPaths = (
				"$(DERIVED_FILE_DIR)/Pods-ApplepieDemo-checkManifestLockResult.txt",
			);
			runOnlyForDeploymentPostprocessing = 0;
			shellPath = /bin/sh;
			shellScript = "diff \"${PODS_PODFILE_DIR_PATH}/Podfile.lock\" \"${PODS_ROOT}/Manifest.lock\" > /dev/null\nif [ $? != 0 ] ; then\n    # print error to STDERR\n    echo \"error: The sandbox is not in sync with the Podfile.lock. Run 'pod install' or update your CocoaPods installation.\" >&2\n    exit 1\nfi\n# This output is used by Xcode 'outputs' to avoid re-running this script phase.\necho \"SUCCESS\" > \"${SCRIPT_OUTPUT_FILE_0}\"\n";
			showEnvVarsInLog = 0;
		};
/* End PBXShellScriptBuildPhase section */

/* Begin PBXSourcesBuildPhase section */
		7A02DEC02182EE5D00B41DB6 /* Sources */ = {
			isa = PBXSourcesBuildPhase;
			buildActionMask = 2147483647;
			files = (
				7AF0CFEC21EC23C300D3E4C4 /* BaseWebViewController.swift in Sources */,
				7A048CBF223F7CEC00BF1DA5 /* DetectFromImageViewController.swift in Sources */,
				7AD42D6C22003E3900AD8645 /* ListTypeRepository.swift in Sources */,
				7AF0D02021ED707300D3E4C4 /* UMengLib.swift in Sources */,
				7A02DECA2182EE5D00B41DB6 /* ViewController.swift in Sources */,
				7AD42D7622004EF800AD8645 /* IndicatorViewModel.swift in Sources */,
				7AF0CFF221EC242800D3E4C4 /* Router.swift in Sources */,
				7AF0CFF721EC260400D3E4C4 /* UIComponentViewController.swift in Sources */,
				7AD42D8C22014B9700AD8645 /* NetworkDetailViewController.swift in Sources */,
				7A048CC2223F8D3600BF1DA5 /* ObjectDetector.mlmodel in Sources */,
				7AD42D4A2200324D00AD8645 /* SimpleWebViewController.swift in Sources */,
				7AD42D7822004F0600AD8645 /* IndicatorRepository.swift in Sources */,
				7AD42DBE2201954B00AD8645 /* LocationRepository.swift in Sources */,
				7AD42DC3220195BD00AD8645 /* LocationViewController.swift in Sources */,
				7AF0D01E21ED6F2F00D3E4C4 /* GlobalConfig.swift in Sources */,
				7AF0CFE821EC23C300D3E4C4 /* BaseListViewController.swift in Sources */,
				7AF0D00321EC2F1A00D3E4C4 /* MenuListRepository.swift in Sources */,
				7AD42D6A22003E2700AD8645 /* ListTypeViewModel.swift in Sources */,
				7AD42D832201491D00AD8645 /* NetworkViewController.swift in Sources */,
				7AF0CFE721EC23C300D3E4C4 /* BaseViewModel.swift in Sources */,
				7AD42D6522003D8100AD8645 /* ListTypeViewController.swift in Sources */,
				7AD42DB822018F0900AD8645 /* DeviceInfoRepository.swift in Sources */,
				7A0BE50221C2598D000748D5 /* ViewControllerNib.swift in Sources */,
				7AD42DB322018EE400AD8645 /* DeviceInfoViewController.swift in Sources */,
				7AD42D7122004E7400AD8645 /* IndicatorViewController.swift in Sources */,
				7AF0D01021EC548800D3E4C4 /* DoraemonLib.swift in Sources */,
				7AF0CFE621EC23C300D3E4C4 /* BaseRepository.swift in Sources */,
				7AD42D8F2201554200AD8645 /* NetworkApi.swift in Sources */,
				7AD42DC0220195AA00AD8645 /* LocationViewModel.swift in Sources */,
				7AD42D862201492B00AD8645 /* NetworkViewModel.swift in Sources */,
				7AF0D01321EC5BCA00D3E4C4 /* DataViewController.swift in Sources */,
				7AF0CFFF21EC2EF400D3E4C4 /* MenuListViewController.swift in Sources */,
				7AF0CFEA21EC23C300D3E4C4 /* BaseListViewModel.swift in Sources */,
				7AF0D01121EC548B00D3E4C4 /* LumberjackLib.swift in Sources */,
				7AD42D2422002F0300AD8645 /* WebBridgeViewController.swift in Sources */,
				7AF0CFE921EC23C300D3E4C4 /* BaseViewController.swift in Sources */,
				7AF0D01B21EC776100D3E4C4 /* CrashFunction.m in Sources */,
				7AD42DAA22017E4800AD8645 /* CacheRepository.swift in Sources */,
				7A048CC5223F8DB100BF1DA5 /* RecognizFromCameraViewController.swift in Sources */,
				7AD42D882201493A00AD8645 /* NetworkRepository.swift in Sources */,
				7AD42DA922017E4800AD8645 /* CacheViewModel.swift in Sources */,
				7A02DEC82182EE5D00B41DB6 /* AppDelegate.swift in Sources */,
				7AF0CFF921EC261300D3E4C4 /* HomeViewController.swift in Sources */,
				7AD42DB622018EF500AD8645 /* DeviceInfoViewModel.swift in Sources */,
				7AD42DA822017E4800AD8645 /* CacheViewController.swift in Sources */,
				7AF0D00121EC2F0600D3E4C4 /* MenuListViewModel.swift in Sources */,
			);
			runOnlyForDeploymentPostprocessing = 0;
		};
		7A02DED42182EE5D00B41DB6 /* Sources */ = {
			isa = PBXSourcesBuildPhase;
			buildActionMask = 2147483647;
			files = (
				7A02DEDD2182EE5D00B41DB6 /* ApplepieDemoTests.swift in Sources */,
			);
			runOnlyForDeploymentPostprocessing = 0;
		};
		7A02DEF32182F11600B41DB6 /* Sources */ = {
			isa = PBXSourcesBuildPhase;
			buildActionMask = 2147483647;
			files = (
				7A80DE7B21EED4DB003C3D8F /* APBaseViewModelTests.swift in Sources */,
				7AC5D13821942914006ABC48 /* APNetIndicatorClientTests.swift in Sources */,
				7AB71B7421918D4D00D41919 /* StringExTests.swift in Sources */,
				7A80DE9921EF1757003C3D8F /* BundleResourceTests.swift in Sources */,
				7A80DE8921EEFF40003C3D8F /* UIColorHexTests.swift in Sources */,
				7A34D59321BA0A080041E5D5 /* APKeychainTests.swift in Sources */,
				7A8482DA21BF4AF600CFC910 /* APLocationTests.swift in Sources */,
				7A80DE8D21EF05A7003C3D8F /* DateExTests.swift in Sources */,
				7ABF7BFE21C0DD8C00049632 /* APBiometricsTests.swift in Sources */,
				7A0BE4FC21C24558000748D5 /* UIViewControllerExTests.swift in Sources */,
				7AD42DC62201B1A400AD8645 /* APRepeatingTimerTests.swift in Sources */,
				7A34D58521B8D40A0041E5D5 /* APPinCacheTests.swift in Sources */,
				7A0E272021958A42001FE212 /* APNetApiOtherTests.swift in Sources */,
				7A97734021AC403E00E79893 /* APGCDTests.swift in Sources */,
				7A0BE50521C25EE8000748D5 /* APRouterTests.swift in Sources */,
				7A0E271521955F63001FE212 /* APNetApiUploadTests.swift in Sources */,
				7A80DE7721EECDFB003C3D8F /* APSendCodeButtonTests.swift in Sources */,
				7AB71B7221918A9500D41919 /* DictionaryExTests.swift in Sources */,
				7A0E271321953316001FE212 /* APNetApiToModelTests.swift in Sources */,
				7AC5D12C2193D38A006ABC48 /* APIndicatorTests.swift in Sources */,
				7A0E271E21957F48001FE212 /* APNetApiResponseTests.swift in Sources */,
				7A80DE8321EEF8C5003C3D8F /* APBaseViewControllerTests.swift in Sources */,
				7A80DE8B21EF045E003C3D8F /* UIColorExTests.swift in Sources */,
				7A80DE8721EEFE5E003C3D8F /* APBaseWebViewController.swift in Sources */,
				7AC5D13A21942941006ABC48 /* TestNetApi.swift in Sources */,
				7A0E271B21956447001FE212 /* BaseTestCase.swift in Sources */,
				7A34D58921B8FC410041E5D5 /* APUserDefaultsTests.swift in Sources */,
				7A80DE8121EED9D1003C3D8F /* APWKWebViewTests.swift in Sources */,
				7A41803E21927B2A00C6BBD0 /* ConvertorTests.swift in Sources */,
				7A34D58F21B906190041E5D5 /* APDeviceTests.swift in Sources */,
				7A80DE8521EEFCAC003C3D8F /* APBaseListViewControllerTests.swift in Sources */,
				7A80DE9021EF074C003C3D8F /* APValidatorTests.swift in Sources */,
				7AC5D1362193E12D006ABC48 /* APErrorTests.swift in Sources */,
				7A80DE7D21EED6ED003C3D8F /* APBaseListViewModelTests.swift in Sources */,
				7A4CCF06218C655C00636A8E /* APNetApiRequestTests.swift in Sources */,
				7A41804021927C4D00C6BBD0 /* OperatorTests.swift in Sources */,
				7A80DE9321EF08DF003C3D8F /* SwiftReflectionToolTests.swift in Sources */,
				7A0BE4FE21C2456C000748D5 /* NSObjectExTests.swift in Sources */,
				7AD9A0382182FE61007BAD59 /* StringCryptoTests.swift in Sources */,
				7AC936A321B7A0E40022EAC4 /* APPNetApiPromiseTests.swift in Sources */,
			);
			runOnlyForDeploymentPostprocessing = 0;
		};
/* End PBXSourcesBuildPhase section */

/* Begin PBXTargetDependency section */
		7A02DEDA2182EE5D00B41DB6 /* PBXTargetDependency */ = {
			isa = PBXTargetDependency;
			target = 7A02DEC32182EE5D00B41DB6 /* ApplepieDemo */;
			targetProxy = 7A02DED92182EE5D00B41DB6 /* PBXContainerItemProxy */;
		};
		7AD9A03A2183019F007BAD59 /* PBXTargetDependency */ = {
			isa = PBXTargetDependency;
			target = 7A02DEC32182EE5D00B41DB6 /* ApplepieDemo */;
			targetProxy = 7AD9A0392183019F007BAD59 /* PBXContainerItemProxy */;
		};
/* End PBXTargetDependency section */

/* Begin PBXVariantGroup section */
		7A02DECB2182EE5D00B41DB6 /* Main.storyboard */ = {
			isa = PBXVariantGroup;
			children = (
				7A02DECC2182EE5D00B41DB6 /* Base */,
			);
			name = Main.storyboard;
			sourceTree = "<group>";
		};
		7A02DED02182EE5D00B41DB6 /* LaunchScreen.storyboard */ = {
			isa = PBXVariantGroup;
			children = (
				7A02DED12182EE5D00B41DB6 /* Base */,
			);
			name = LaunchScreen.storyboard;
			sourceTree = "<group>";
		};
/* End PBXVariantGroup section */

/* Begin XCBuildConfiguration section */
		7A02DEDF2182EE5D00B41DB6 /* Debug */ = {
			isa = XCBuildConfiguration;
			buildSettings = {
				ALWAYS_SEARCH_USER_PATHS = NO;
				CLANG_ANALYZER_NONNULL = YES;
				CLANG_ANALYZER_NUMBER_OBJECT_CONVERSION = YES_AGGRESSIVE;
				CLANG_CXX_LANGUAGE_STANDARD = "gnu++14";
				CLANG_CXX_LIBRARY = "libc++";
				CLANG_ENABLE_MODULES = YES;
				CLANG_ENABLE_OBJC_ARC = YES;
				CLANG_ENABLE_OBJC_WEAK = YES;
				CLANG_WARN_BLOCK_CAPTURE_AUTORELEASING = YES;
				CLANG_WARN_BOOL_CONVERSION = YES;
				CLANG_WARN_COMMA = YES;
				CLANG_WARN_CONSTANT_CONVERSION = YES;
				CLANG_WARN_DEPRECATED_OBJC_IMPLEMENTATIONS = YES;
				CLANG_WARN_DIRECT_OBJC_ISA_USAGE = YES_ERROR;
				CLANG_WARN_DOCUMENTATION_COMMENTS = YES;
				CLANG_WARN_EMPTY_BODY = YES;
				CLANG_WARN_ENUM_CONVERSION = YES;
				CLANG_WARN_INFINITE_RECURSION = YES;
				CLANG_WARN_INT_CONVERSION = YES;
				CLANG_WARN_NON_LITERAL_NULL_CONVERSION = YES;
				CLANG_WARN_OBJC_IMPLICIT_RETAIN_SELF = YES;
				CLANG_WARN_OBJC_LITERAL_CONVERSION = YES;
				CLANG_WARN_OBJC_ROOT_CLASS = YES_ERROR;
				CLANG_WARN_RANGE_LOOP_ANALYSIS = YES;
				CLANG_WARN_STRICT_PROTOTYPES = YES;
				CLANG_WARN_SUSPICIOUS_MOVE = YES;
				CLANG_WARN_UNGUARDED_AVAILABILITY = YES_AGGRESSIVE;
				CLANG_WARN_UNREACHABLE_CODE = YES;
				CLANG_WARN__DUPLICATE_METHOD_MATCH = YES;
				CODE_SIGN_IDENTITY = "iPhone Developer";
				COPY_PHASE_STRIP = NO;
				DEBUG_INFORMATION_FORMAT = dwarf;
				ENABLE_STRICT_OBJC_MSGSEND = YES;
				ENABLE_TESTABILITY = YES;
				GCC_C_LANGUAGE_STANDARD = gnu11;
				GCC_DYNAMIC_NO_PIC = NO;
				GCC_NO_COMMON_BLOCKS = YES;
				GCC_OPTIMIZATION_LEVEL = 0;
				GCC_PREPROCESSOR_DEFINITIONS = (
					"DEBUG=1",
					"$(inherited)",
				);
				GCC_WARN_64_TO_32_BIT_CONVERSION = YES;
				GCC_WARN_ABOUT_RETURN_TYPE = YES_ERROR;
				GCC_WARN_UNDECLARED_SELECTOR = YES;
				GCC_WARN_UNINITIALIZED_AUTOS = YES_AGGRESSIVE;
				GCC_WARN_UNUSED_FUNCTION = YES;
				GCC_WARN_UNUSED_VARIABLE = YES;
				IPHONEOS_DEPLOYMENT_TARGET = 12.0;
				MTL_ENABLE_DEBUG_INFO = INCLUDE_SOURCE;
				MTL_FAST_MATH = YES;
				ONLY_ACTIVE_ARCH = YES;
				SDKROOT = iphoneos;
				SWIFT_ACTIVE_COMPILATION_CONDITIONS = DEBUG;
				SWIFT_OPTIMIZATION_LEVEL = "-Onone";
			};
			name = Debug;
		};
		7A02DEE02182EE5D00B41DB6 /* Release */ = {
			isa = XCBuildConfiguration;
			buildSettings = {
				ALWAYS_SEARCH_USER_PATHS = NO;
				CLANG_ANALYZER_NONNULL = YES;
				CLANG_ANALYZER_NUMBER_OBJECT_CONVERSION = YES_AGGRESSIVE;
				CLANG_CXX_LANGUAGE_STANDARD = "gnu++14";
				CLANG_CXX_LIBRARY = "libc++";
				CLANG_ENABLE_MODULES = YES;
				CLANG_ENABLE_OBJC_ARC = YES;
				CLANG_ENABLE_OBJC_WEAK = YES;
				CLANG_WARN_BLOCK_CAPTURE_AUTORELEASING = YES;
				CLANG_WARN_BOOL_CONVERSION = YES;
				CLANG_WARN_COMMA = YES;
				CLANG_WARN_CONSTANT_CONVERSION = YES;
				CLANG_WARN_DEPRECATED_OBJC_IMPLEMENTATIONS = YES;
				CLANG_WARN_DIRECT_OBJC_ISA_USAGE = YES_ERROR;
				CLANG_WARN_DOCUMENTATION_COMMENTS = YES;
				CLANG_WARN_EMPTY_BODY = YES;
				CLANG_WARN_ENUM_CONVERSION = YES;
				CLANG_WARN_INFINITE_RECURSION = YES;
				CLANG_WARN_INT_CONVERSION = YES;
				CLANG_WARN_NON_LITERAL_NULL_CONVERSION = YES;
				CLANG_WARN_OBJC_IMPLICIT_RETAIN_SELF = YES;
				CLANG_WARN_OBJC_LITERAL_CONVERSION = YES;
				CLANG_WARN_OBJC_ROOT_CLASS = YES_ERROR;
				CLANG_WARN_RANGE_LOOP_ANALYSIS = YES;
				CLANG_WARN_STRICT_PROTOTYPES = YES;
				CLANG_WARN_SUSPICIOUS_MOVE = YES;
				CLANG_WARN_UNGUARDED_AVAILABILITY = YES_AGGRESSIVE;
				CLANG_WARN_UNREACHABLE_CODE = YES;
				CLANG_WARN__DUPLICATE_METHOD_MATCH = YES;
				CODE_SIGN_IDENTITY = "iPhone Developer";
				COPY_PHASE_STRIP = NO;
				DEBUG_INFORMATION_FORMAT = "dwarf-with-dsym";
				ENABLE_NS_ASSERTIONS = NO;
				ENABLE_STRICT_OBJC_MSGSEND = YES;
				GCC_C_LANGUAGE_STANDARD = gnu11;
				GCC_NO_COMMON_BLOCKS = YES;
				GCC_WARN_64_TO_32_BIT_CONVERSION = YES;
				GCC_WARN_ABOUT_RETURN_TYPE = YES_ERROR;
				GCC_WARN_UNDECLARED_SELECTOR = YES;
				GCC_WARN_UNINITIALIZED_AUTOS = YES_AGGRESSIVE;
				GCC_WARN_UNUSED_FUNCTION = YES;
				GCC_WARN_UNUSED_VARIABLE = YES;
				IPHONEOS_DEPLOYMENT_TARGET = 12.0;
				MTL_ENABLE_DEBUG_INFO = NO;
				MTL_FAST_MATH = YES;
				SDKROOT = iphoneos;
				SWIFT_COMPILATION_MODE = wholemodule;
				SWIFT_OPTIMIZATION_LEVEL = "-O";
				VALIDATE_PRODUCT = YES;
			};
			name = Release;
		};
		7A02DEE22182EE5D00B41DB6 /* Debug */ = {
			isa = XCBuildConfiguration;
			baseConfigurationReference = AAB9C5A630364B0F87DB7417 /* Pods-ApplepieDemo.debug.xcconfig */;
			buildSettings = {
				ASSETCATALOG_COMPILER_APPICON_NAME = AppIcon;
				CLANG_ENABLE_MODULES = YES;
				CODE_SIGN_STYLE = Automatic;
				DEVELOPMENT_TEAM = TE2BYM67AU;
				INFOPLIST_FILE = ApplepieDemo/Info.plist;
				IPHONEOS_DEPLOYMENT_TARGET = 13.0;
				LD_RUNPATH_SEARCH_PATHS = (
					"$(inherited)",
					"@executable_path/Frameworks",
				);
				LIBRARY_SEARCH_PATHS = (
					"$(inherited)",
					"$(PROJECT_DIR)/ApplepieDemo/Libs/IdCardOCR",
				);
				PRODUCT_BUNDLE_IDENTIFIER = com.cdts.ApplepieDemo;
				PRODUCT_NAME = "$(TARGET_NAME)";
				SWIFT_OBJC_BRIDGING_HEADER = "ApplepieDemo/ApplepieDemo-Bridging-Header.h";
				SWIFT_OPTIMIZATION_LEVEL = "-Onone";
				SWIFT_VERSION = 5.0;
				TARGETED_DEVICE_FAMILY = 1;
			};
			name = Debug;
		};
		7A02DEE32182EE5D00B41DB6 /* Release */ = {
			isa = XCBuildConfiguration;
			baseConfigurationReference = D7B9E7C9FB43C82384401CDE /* Pods-ApplepieDemo.release.xcconfig */;
			buildSettings = {
				ASSETCATALOG_COMPILER_APPICON_NAME = AppIcon;
				CLANG_ENABLE_MODULES = YES;
				CODE_SIGN_STYLE = Automatic;
				DEVELOPMENT_TEAM = TE2BYM67AU;
				INFOPLIST_FILE = ApplepieDemo/Info.plist;
				IPHONEOS_DEPLOYMENT_TARGET = 13.0;
				LD_RUNPATH_SEARCH_PATHS = (
					"$(inherited)",
					"@executable_path/Frameworks",
				);
				LIBRARY_SEARCH_PATHS = (
					"$(inherited)",
					"$(PROJECT_DIR)/ApplepieDemo/Libs/IdCardOCR",
				);
				PRODUCT_BUNDLE_IDENTIFIER = com.cdts.ApplepieDemo;
				PRODUCT_NAME = "$(TARGET_NAME)";
				SWIFT_OBJC_BRIDGING_HEADER = "ApplepieDemo/ApplepieDemo-Bridging-Header.h";
				SWIFT_VERSION = 5.0;
				TARGETED_DEVICE_FAMILY = 1;
			};
			name = Release;
		};
		7A02DEE52182EE5D00B41DB6 /* Debug */ = {
			isa = XCBuildConfiguration;
			baseConfigurationReference = 4F18526D9D5C9AD68DA434DF /* Pods-ApplepieDemoTests.debug.xcconfig */;
			buildSettings = {
				BUNDLE_LOADER = "$(TEST_HOST)";
				CODE_SIGN_STYLE = Automatic;
				INFOPLIST_FILE = ApplepieDemoTests/Info.plist;
				LD_RUNPATH_SEARCH_PATHS = (
					"$(inherited)",
					"@executable_path/Frameworks",
					"@loader_path/Frameworks",
				);
				PRODUCT_BUNDLE_IDENTIFIER = com.cdts.ApplepieDemoTests;
				PRODUCT_NAME = "$(TARGET_NAME)";
				SWIFT_VERSION = 4.2;
				TARGETED_DEVICE_FAMILY = "1,2";
				TEST_HOST = "$(BUILT_PRODUCTS_DIR)/ApplepieDemo.app/ApplepieDemo";
			};
			name = Debug;
		};
		7A02DEE62182EE5D00B41DB6 /* Release */ = {
			isa = XCBuildConfiguration;
			baseConfigurationReference = 05ECED5C9265BF58187E2E9A /* Pods-ApplepieDemoTests.release.xcconfig */;
			buildSettings = {
				BUNDLE_LOADER = "$(TEST_HOST)";
				CODE_SIGN_STYLE = Automatic;
				INFOPLIST_FILE = ApplepieDemoTests/Info.plist;
				LD_RUNPATH_SEARCH_PATHS = (
					"$(inherited)",
					"@executable_path/Frameworks",
					"@loader_path/Frameworks",
				);
				PRODUCT_BUNDLE_IDENTIFIER = com.cdts.ApplepieDemoTests;
				PRODUCT_NAME = "$(TARGET_NAME)";
				SWIFT_VERSION = 4.2;
				TARGETED_DEVICE_FAMILY = "1,2";
				TEST_HOST = "$(BUILT_PRODUCTS_DIR)/ApplepieDemo.app/ApplepieDemo";
			};
			name = Release;
		};
		7A02DF0B2182F11600B41DB6 /* Debug */ = {
			isa = XCBuildConfiguration;
			baseConfigurationReference = B461EC6AC4B1C657C9D05E46 /* Pods-ApplepieTests.debug.xcconfig */;
			buildSettings = {
				BUNDLE_LOADER = "$(TEST_HOST)";
				CODE_SIGN_STYLE = Automatic;
				DEVELOPMENT_TEAM = TE2BYM67AU;
				INFOPLIST_FILE = ApplepieTests/Info.plist;
				LD_RUNPATH_SEARCH_PATHS = (
					"$(inherited)",
					"@executable_path/Frameworks",
					"@loader_path/Frameworks",
				);
				PRODUCT_BUNDLE_IDENTIFIER = com.cdts.ApplepieTests;
				PRODUCT_NAME = "$(TARGET_NAME)";
				SWIFT_VERSION = 4.2;
				TARGETED_DEVICE_FAMILY = "1,2";
				TEST_HOST = "$(BUILT_PRODUCTS_DIR)/ApplepieDemo.app/ApplepieDemo";
			};
			name = Debug;
		};
		7A02DF0C2182F11600B41DB6 /* Release */ = {
			isa = XCBuildConfiguration;
			baseConfigurationReference = B896009232B27E4CE72460AF /* Pods-ApplepieTests.release.xcconfig */;
			buildSettings = {
				BUNDLE_LOADER = "$(TEST_HOST)";
				CODE_SIGN_STYLE = Automatic;
				DEVELOPMENT_TEAM = TE2BYM67AU;
				INFOPLIST_FILE = ApplepieTests/Info.plist;
				LD_RUNPATH_SEARCH_PATHS = (
					"$(inherited)",
					"@executable_path/Frameworks",
					"@loader_path/Frameworks",
				);
				PRODUCT_BUNDLE_IDENTIFIER = com.cdts.ApplepieTests;
				PRODUCT_NAME = "$(TARGET_NAME)";
				SWIFT_VERSION = 4.2;
				TARGETED_DEVICE_FAMILY = "1,2";
				TEST_HOST = "$(BUILT_PRODUCTS_DIR)/ApplepieDemo.app/ApplepieDemo";
			};
			name = Release;
		};
/* End XCBuildConfiguration section */

/* Begin XCConfigurationList section */
		7A02DEBF2182EE5D00B41DB6 /* Build configuration list for PBXProject "ApplepieDemo" */ = {
			isa = XCConfigurationList;
			buildConfigurations = (
				7A02DEDF2182EE5D00B41DB6 /* Debug */,
				7A02DEE02182EE5D00B41DB6 /* Release */,
			);
			defaultConfigurationIsVisible = 0;
			defaultConfigurationName = Release;
		};
		7A02DEE12182EE5D00B41DB6 /* Build configuration list for PBXNativeTarget "ApplepieDemo" */ = {
			isa = XCConfigurationList;
			buildConfigurations = (
				7A02DEE22182EE5D00B41DB6 /* Debug */,
				7A02DEE32182EE5D00B41DB6 /* Release */,
			);
			defaultConfigurationIsVisible = 0;
			defaultConfigurationName = Release;
		};
		7A02DEE42182EE5D00B41DB6 /* Build configuration list for PBXNativeTarget "ApplepieDemoTests" */ = {
			isa = XCConfigurationList;
			buildConfigurations = (
				7A02DEE52182EE5D00B41DB6 /* Debug */,
				7A02DEE62182EE5D00B41DB6 /* Release */,
			);
			defaultConfigurationIsVisible = 0;
			defaultConfigurationName = Release;
		};
		7A02DF0A2182F11600B41DB6 /* Build configuration list for PBXNativeTarget "ApplepieTests" */ = {
			isa = XCConfigurationList;
			buildConfigurations = (
				7A02DF0B2182F11600B41DB6 /* Debug */,
				7A02DF0C2182F11600B41DB6 /* Release */,
			);
			defaultConfigurationIsVisible = 0;
			defaultConfigurationName = Release;
		};
/* End XCConfigurationList section */
	};
	rootObject = 7A02DEBC2182EE5D00B41DB6 /* Project object */;
}
