PODS:
  - Alamofire (4.7.3)
  - CryptoSwift (0.13.0)

DEPENDENCIES:
  - Alamofire (~> 4.7.0)
  - CryptoSwift

SPEC REPOS:
  https://github.com/cocoapods/specs.git:
    - Alamofire
    - CryptoSwift

SPEC CHECKSUMS:
  Alamofire: c7287b6e5d7da964a70935e5db17046b7fde6568
  CryptoSwift: 16e78bebf567bad1c87b2d58f6547f25b74c31aa

PODFILE CHECKSUM: 961d838f607a48025137d98fe45c53dbd219c6f0

COCOAPODS: 1.5.3
